// !$*UTF8*$!
{
	archiveVersion = 1;
	classes = {
	};
	objectVersion = 46;
	objects = {

/* Begin PBXBuildFile section */
		F322EB111C34C371001B8C44 /* TaskCellAppearanceUpdater.swift in Sources */ = {isa = PBXBuildFile; fileRef = F322EB101C34C371001B8C44 /* TaskCellAppearanceUpdater.swift */; };
		F322EB131C34C9D4001B8C44 /* UIButton+Extensions.swift in Sources */ = {isa = PBXBuildFile; fileRef = F322EB121C34C9D4001B8C44 /* UIButton+Extensions.swift */; };
		F32489471C3CD3AE00E3DABD /* GoalieFaceKit.swift in Sources */ = {isa = PBXBuildFile; fileRef = F32489461C3CD3AE00E3DABD /* GoalieFaceKit.swift */; };
		F32C2A5B1C3C905F002ACA53 /* GoalieHeadKit.swift in Sources */ = {isa = PBXBuildFile; fileRef = F32C2A5A1C3C905F002ACA53 /* GoalieHeadKit.swift */; };
		F32C2A5F1C3CB3C5002ACA53 /* GoalieFaceView.swift in Sources */ = {isa = PBXBuildFile; fileRef = F32C2A5E1C3CB3C5002ACA53 /* GoalieFaceView.swift */; };
		F38318D11C2F343600C36ACB /* AppDelegate.swift in Sources */ = {isa = PBXBuildFile; fileRef = F38318D01C2F343600C36ACB /* AppDelegate.swift */; };
		F38318D61C2F343600C36ACB /* Main.storyboard in Resources */ = {isa = PBXBuildFile; fileRef = F38318D41C2F343600C36ACB /* Main.storyboard */; };
		F38318D81C2F343600C36ACB /* Assets.xcassets in Resources */ = {isa = PBXBuildFile; fileRef = F38318D71C2F343600C36ACB /* Assets.xcassets */; };
		F38318DB1C2F343600C36ACB /* LaunchScreen.storyboard in Resources */ = {isa = PBXBuildFile; fileRef = F38318D91C2F343600C36ACB /* LaunchScreen.storyboard */; };
		F383190D1C319FE800C36ACB /* TasksTableViewCell.swift in Sources */ = {isa = PBXBuildFile; fileRef = F383190C1C319FE800C36ACB /* TasksTableViewCell.swift */; };
		F38319291C31A72D00C36ACB /* ManagedObject.swift in Sources */ = {isa = PBXBuildFile; fileRef = F38319111C31A72D00C36ACB /* ManagedObject.swift */; };
		F383192A1C31A72D00C36ACB /* CoreDataStack.swift in Sources */ = {isa = PBXBuildFile; fileRef = F38319121C31A72D00C36ACB /* CoreDataStack.swift */; };
		F383192B1C31A72D00C36ACB /* DataRelatedProtocols.swift in Sources */ = {isa = PBXBuildFile; fileRef = F38319131C31A72D00C36ACB /* DataRelatedProtocols.swift */; };
		F383192C1C31A72D00C36ACB /* ManagedObjectObserver.swift in Sources */ = {isa = PBXBuildFile; fileRef = F38319141C31A72D00C36ACB /* ManagedObjectObserver.swift */; };
		F383192D1C31A72D00C36ACB /* DefaultTasksFetchRequestProvider.swift in Sources */ = {isa = PBXBuildFile; fileRef = F38319151C31A72D00C36ACB /* DefaultTasksFetchRequestProvider.swift */; };
		F383192E1C31A72D00C36ACB /* TasksDataProvider.swift in Sources */ = {isa = PBXBuildFile; fileRef = F38319161C31A72D00C36ACB /* TasksDataProvider.swift */; };
		F383192F1C31A72D00C36ACB /* Utilities.swift in Sources */ = {isa = PBXBuildFile; fileRef = F38319171C31A72D00C36ACB /* Utilities.swift */; };
		F38319301C31A72D00C36ACB /* UIImage+Extensions.swift in Sources */ = {isa = PBXBuildFile; fileRef = F38319181C31A72D00C36ACB /* UIImage+Extensions.swift */; };
		F38319311C31A72D00C36ACB /* NSURL+Extensions.swift in Sources */ = {isa = PBXBuildFile; fileRef = F38319191C31A72D00C36ACB /* NSURL+Extensions.swift */; };
		F38319321C31A72D00C36ACB /* UINavigationBar+Extensions.swift in Sources */ = {isa = PBXBuildFile; fileRef = F383191A1C31A72D00C36ACB /* UINavigationBar+Extensions.swift */; };
		F38319331C31A72D00C36ACB /* NSManagedObjectContext+Extensions.swift in Sources */ = {isa = PBXBuildFile; fileRef = F383191B1C31A72D00C36ACB /* NSManagedObjectContext+Extensions.swift */; };
		F38319341C31A72D00C36ACB /* NSManagedObjectContext+Observers.swift in Sources */ = {isa = PBXBuildFile; fileRef = F383191C1C31A72D00C36ACB /* NSManagedObjectContext+Observers.swift */; };
		F38319351C31A72D00C36ACB /* UITableView+Extensions.swift in Sources */ = {isa = PBXBuildFile; fileRef = F383191D1C31A72D00C36ACB /* UITableView+Extensions.swift */; };
		F38319361C31A72D00C36ACB /* UIStoryboard+Extensions.swift in Sources */ = {isa = PBXBuildFile; fileRef = F383191E1C31A72D00C36ACB /* UIStoryboard+Extensions.swift */; };
		F38319371C31A72D00C36ACB /* UIColor+Extensions.swift in Sources */ = {isa = PBXBuildFile; fileRef = F383191F1C31A72D00C36ACB /* UIColor+Extensions.swift */; };
		F38319381C31A72D00C36ACB /* UIFont+Extensions.swift in Sources */ = {isa = PBXBuildFile; fileRef = F38319201C31A72D00C36ACB /* UIFont+Extensions.swift */; };
		F38319391C31A72D00C36ACB /* DataProvider.swift in Sources */ = {isa = PBXBuildFile; fileRef = F38319211C31A72D00C36ACB /* DataProvider.swift */; };
		F383193A1C31A72D00C36ACB /* FetchedResultsDataProvider.swift in Sources */ = {isa = PBXBuildFile; fileRef = F38319221C31A72D00C36ACB /* FetchedResultsDataProvider.swift */; };
		F383193B1C31A72D00C36ACB /* TableViewDataSource.swift in Sources */ = {isa = PBXBuildFile; fileRef = F38319231C31A72D00C36ACB /* TableViewDataSource.swift */; };
		F383193C1C31A72D00C36ACB /* TableViewDelegate.swift in Sources */ = {isa = PBXBuildFile; fileRef = F38319241C31A72D00C36ACB /* TableViewDelegate.swift */; };
		F38319491C31B3CB00C36ACB /* GoalieTableView.swift in Sources */ = {isa = PBXBuildFile; fileRef = F38319481C31B3CB00C36ACB /* GoalieTableView.swift */; };
		F38B55101C34DD810022453F /* SettingsViewController.swift in Sources */ = {isa = PBXBuildFile; fileRef = F38B550F1C34DD810022453F /* SettingsViewController.swift */; };
		F38B55121C34E0EA0022453F /* GoalieSettingsManager.swift in Sources */ = {isa = PBXBuildFile; fileRef = F38B55111C34E0EA0022453F /* GoalieSettingsManager.swift */; };
		F38B55151C3851190022453F /* NotoSans-Bold.ttf in Resources */ = {isa = PBXBuildFile; fileRef = F38B55131C3851190022453F /* NotoSans-Bold.ttf */; };
		F38B55161C3851190022453F /* NotoSans-Regular.ttf in Resources */ = {isa = PBXBuildFile; fileRef = F38B55141C3851190022453F /* NotoSans-Regular.ttf */; };
		F38B55181C3854A10022453F /* GoalieKerningLabel.swift in Sources */ = {isa = PBXBuildFile; fileRef = F38B55171C3854A10022453F /* GoalieKerningLabel.swift */; };
		F38B551A1C3859050022453F /* GoalieKerningButton.swift in Sources */ = {isa = PBXBuildFile; fileRef = F38B55191C3859050022453F /* GoalieKerningButton.swift */; };
		F38B551C1C3863000022453F /* TaskPriorityUpdater.swift in Sources */ = {isa = PBXBuildFile; fileRef = F38B551B1C3863000022453F /* TaskPriorityUpdater.swift */; };
		F38B551E1C388F510022453F /* NSDate+Extensions.swift in Sources */ = {isa = PBXBuildFile; fileRef = F38B551D1C388F510022453F /* NSDate+Extensions.swift */; };
		F38E2EA51C34863600945CA4 /* UIView+Extensions.swift in Sources */ = {isa = PBXBuildFile; fileRef = F38E2EA41C34863600945CA4 /* UIView+Extensions.swift */; };
		F3DB3E041C322DC40005C607 /* MainTasksViewController.swift in Sources */ = {isa = PBXBuildFile; fileRef = F3DB3E031C322DC40005C607 /* MainTasksViewController.swift */; };
		F3DB3E0C1C3267CE0005C607 /* TPKeyboardAvoidingScrollView.m in Sources */ = {isa = PBXBuildFile; fileRef = F3DB3E071C3267CE0005C607 /* TPKeyboardAvoidingScrollView.m */; };
		F3DB3E0D1C3267CE0005C607 /* TPKeyboardAvoidingTableView.m in Sources */ = {isa = PBXBuildFile; fileRef = F3DB3E091C3267CE0005C607 /* TPKeyboardAvoidingTableView.m */; };
		F3DB3E0E1C3267CE0005C607 /* UIScrollView+TPKeyboardAvoidingAdditions.m in Sources */ = {isa = PBXBuildFile; fileRef = F3DB3E0B1C3267CE0005C607 /* UIScrollView+TPKeyboardAvoidingAdditions.m */; };
		F3DB3E101C32682A0005C607 /* ProjectEnums.swift in Sources */ = {isa = PBXBuildFile; fileRef = F3DB3E0F1C32682A0005C607 /* ProjectEnums.swift */; };
		F3DB3E121C3306690005C607 /* EditTaskViewController.swift in Sources */ = {isa = PBXBuildFile; fileRef = F3DB3E111C3306690005C607 /* EditTaskViewController.swift */; };
		F3DB3E231C331B690005C607 /* JVFloatLabeledTextField.m in Sources */ = {isa = PBXBuildFile; fileRef = F3DB3E1E1C331B690005C607 /* JVFloatLabeledTextField.m */; };
		F3DB3E241C331B690005C607 /* JVFloatLabeledTextView.m in Sources */ = {isa = PBXBuildFile; fileRef = F3DB3E201C331B690005C607 /* JVFloatLabeledTextView.m */; };
		F3DB3E251C331B690005C607 /* NSString+TextDirectionality.m in Sources */ = {isa = PBXBuildFile; fileRef = F3DB3E221C331B690005C607 /* NSString+TextDirectionality.m */; };
		F3DB3E291C33612A0005C607 /* Fabric.framework in Frameworks */ = {isa = PBXBuildFile; fileRef = F3DB3E271C33612A0005C607 /* Fabric.framework */; };
		F3DB3E2A1C33612A0005C607 /* Crashlytics.framework in Frameworks */ = {isa = PBXBuildFile; fileRef = F3DB3E281C33612A0005C607 /* Crashlytics.framework */; };
		F3FB80981C320E65008C1E07 /* Task.xcdatamodeld in Sources */ = {isa = PBXBuildFile; fileRef = F3FB80961C320E65008C1E07 /* Task.xcdatamodeld */; };
		F3FB809A1C320E86008C1E07 /* Task.swift in Sources */ = {isa = PBXBuildFile; fileRef = F3FB80991C320E86008C1E07 /* Task.swift */; };
/* End PBXBuildFile section */

/* Begin PBXFileReference section */
		F322EB101C34C371001B8C44 /* TaskCellAppearanceUpdater.swift */ = {isa = PBXFileReference; fileEncoding = 4; lastKnownFileType = sourcecode.swift; name = TaskCellAppearanceUpdater.swift; path = Goalie/TaskCellAppearanceUpdater.swift; sourceTree = "<group>"; };
		F322EB121C34C9D4001B8C44 /* UIButton+Extensions.swift */ = {isa = PBXFileReference; fileEncoding = 4; lastKnownFileType = sourcecode.swift; name = "UIButton+Extensions.swift"; path = "Goalie/UIButton+Extensions.swift"; sourceTree = "<group>"; };
		F32489461C3CD3AE00E3DABD /* GoalieFaceKit.swift */ = {isa = PBXFileReference; fileEncoding = 4; lastKnownFileType = sourcecode.swift; name = GoalieFaceKit.swift; path = "PaintCode-Files/GoalieFaceKit.swift"; sourceTree = "<group>"; };
		F32C2A5A1C3C905F002ACA53 /* GoalieHeadKit.swift */ = {isa = PBXFileReference; fileEncoding = 4; lastKnownFileType = sourcecode.swift; name = GoalieHeadKit.swift; path = "PaintCode-Files/GoalieHeadKit.swift"; sourceTree = "<group>"; };
		F32C2A5E1C3CB3C5002ACA53 /* GoalieFaceView.swift */ = {isa = PBXFileReference; fileEncoding = 4; lastKnownFileType = sourcecode.swift; name = GoalieFaceView.swift; path = "PaintCode-Files/GoalieFaceView.swift"; sourceTree = "<group>"; };
		F38318CD1C2F343600C36ACB /* Goalie.app */ = {isa = PBXFileReference; explicitFileType = wrapper.application; includeInIndex = 0; path = Goalie.app; sourceTree = BUILT_PRODUCTS_DIR; };
		F38318D01C2F343600C36ACB /* AppDelegate.swift */ = {isa = PBXFileReference; lastKnownFileType = sourcecode.swift; path = AppDelegate.swift; sourceTree = "<group>"; };
		F38318D51C2F343600C36ACB /* Base */ = {isa = PBXFileReference; lastKnownFileType = file.storyboard; name = Base; path = Base.lproj/Main.storyboard; sourceTree = "<group>"; };
		F38318D71C2F343600C36ACB /* Assets.xcassets */ = {isa = PBXFileReference; lastKnownFileType = folder.assetcatalog; path = Assets.xcassets; sourceTree = "<group>"; };
		F38318DA1C2F343600C36ACB /* Base */ = {isa = PBXFileReference; lastKnownFileType = file.storyboard; name = Base; path = Base.lproj/LaunchScreen.storyboard; sourceTree = "<group>"; };
		F38318DC1C2F343600C36ACB /* Info.plist */ = {isa = PBXFileReference; lastKnownFileType = text.plist.xml; path = Info.plist; sourceTree = "<group>"; };
		F383190C1C319FE800C36ACB /* TasksTableViewCell.swift */ = {isa = PBXFileReference; fileEncoding = 4; lastKnownFileType = sourcecode.swift; name = TasksTableViewCell.swift; path = Goalie/TasksTableViewCell.swift; sourceTree = "<group>"; };
		F38319111C31A72D00C36ACB /* ManagedObject.swift */ = {isa = PBXFileReference; fileEncoding = 4; lastKnownFileType = sourcecode.swift; name = ManagedObject.swift; path = Goalie/ManagedObject.swift; sourceTree = "<group>"; };
		F38319121C31A72D00C36ACB /* CoreDataStack.swift */ = {isa = PBXFileReference; fileEncoding = 4; lastKnownFileType = sourcecode.swift; name = CoreDataStack.swift; path = Goalie/CoreDataStack.swift; sourceTree = "<group>"; };
		F38319131C31A72D00C36ACB /* DataRelatedProtocols.swift */ = {isa = PBXFileReference; fileEncoding = 4; lastKnownFileType = sourcecode.swift; name = DataRelatedProtocols.swift; path = Goalie/DataRelatedProtocols.swift; sourceTree = "<group>"; };
		F38319141C31A72D00C36ACB /* ManagedObjectObserver.swift */ = {isa = PBXFileReference; fileEncoding = 4; lastKnownFileType = sourcecode.swift; name = ManagedObjectObserver.swift; path = Goalie/ManagedObjectObserver.swift; sourceTree = "<group>"; };
		F38319151C31A72D00C36ACB /* DefaultTasksFetchRequestProvider.swift */ = {isa = PBXFileReference; fileEncoding = 4; lastKnownFileType = sourcecode.swift; name = DefaultTasksFetchRequestProvider.swift; path = Goalie/DefaultTasksFetchRequestProvider.swift; sourceTree = "<group>"; };
		F38319161C31A72D00C36ACB /* TasksDataProvider.swift */ = {isa = PBXFileReference; fileEncoding = 4; lastKnownFileType = sourcecode.swift; name = TasksDataProvider.swift; path = Goalie/TasksDataProvider.swift; sourceTree = "<group>"; };
		F38319171C31A72D00C36ACB /* Utilities.swift */ = {isa = PBXFileReference; fileEncoding = 4; lastKnownFileType = sourcecode.swift; name = Utilities.swift; path = Goalie/Utilities.swift; sourceTree = "<group>"; };
		F38319181C31A72D00C36ACB /* UIImage+Extensions.swift */ = {isa = PBXFileReference; fileEncoding = 4; lastKnownFileType = sourcecode.swift; name = "UIImage+Extensions.swift"; path = "Goalie/UIImage+Extensions.swift"; sourceTree = "<group>"; };
		F38319191C31A72D00C36ACB /* NSURL+Extensions.swift */ = {isa = PBXFileReference; fileEncoding = 4; lastKnownFileType = sourcecode.swift; name = "NSURL+Extensions.swift"; path = "Goalie/NSURL+Extensions.swift"; sourceTree = "<group>"; };
		F383191A1C31A72D00C36ACB /* UINavigationBar+Extensions.swift */ = {isa = PBXFileReference; fileEncoding = 4; lastKnownFileType = sourcecode.swift; name = "UINavigationBar+Extensions.swift"; path = "Goalie/UINavigationBar+Extensions.swift"; sourceTree = "<group>"; };
		F383191B1C31A72D00C36ACB /* NSManagedObjectContext+Extensions.swift */ = {isa = PBXFileReference; fileEncoding = 4; lastKnownFileType = sourcecode.swift; name = "NSManagedObjectContext+Extensions.swift"; path = "Goalie/NSManagedObjectContext+Extensions.swift"; sourceTree = "<group>"; };
		F383191C1C31A72D00C36ACB /* NSManagedObjectContext+Observers.swift */ = {isa = PBXFileReference; fileEncoding = 4; lastKnownFileType = sourcecode.swift; name = "NSManagedObjectContext+Observers.swift"; path = "Goalie/NSManagedObjectContext+Observers.swift"; sourceTree = "<group>"; };
		F383191D1C31A72D00C36ACB /* UITableView+Extensions.swift */ = {isa = PBXFileReference; fileEncoding = 4; lastKnownFileType = sourcecode.swift; name = "UITableView+Extensions.swift"; path = "Goalie/UITableView+Extensions.swift"; sourceTree = "<group>"; };
		F383191E1C31A72D00C36ACB /* UIStoryboard+Extensions.swift */ = {isa = PBXFileReference; fileEncoding = 4; lastKnownFileType = sourcecode.swift; name = "UIStoryboard+Extensions.swift"; path = "Goalie/UIStoryboard+Extensions.swift"; sourceTree = "<group>"; };
		F383191F1C31A72D00C36ACB /* UIColor+Extensions.swift */ = {isa = PBXFileReference; fileEncoding = 4; lastKnownFileType = sourcecode.swift; name = "UIColor+Extensions.swift"; path = "Goalie/UIColor+Extensions.swift"; sourceTree = "<group>"; };
		F38319201C31A72D00C36ACB /* UIFont+Extensions.swift */ = {isa = PBXFileReference; fileEncoding = 4; lastKnownFileType = sourcecode.swift; name = "UIFont+Extensions.swift"; path = "Goalie/UIFont+Extensions.swift"; sourceTree = "<group>"; };
		F38319211C31A72D00C36ACB /* DataProvider.swift */ = {isa = PBXFileReference; fileEncoding = 4; lastKnownFileType = sourcecode.swift; name = DataProvider.swift; path = Goalie/DataProvider.swift; sourceTree = "<group>"; };
		F38319221C31A72D00C36ACB /* FetchedResultsDataProvider.swift */ = {isa = PBXFileReference; fileEncoding = 4; lastKnownFileType = sourcecode.swift; name = FetchedResultsDataProvider.swift; path = Goalie/FetchedResultsDataProvider.swift; sourceTree = "<group>"; };
		F38319231C31A72D00C36ACB /* TableViewDataSource.swift */ = {isa = PBXFileReference; fileEncoding = 4; lastKnownFileType = sourcecode.swift; name = TableViewDataSource.swift; path = Goalie/TableViewDataSource.swift; sourceTree = "<group>"; };
		F38319241C31A72D00C36ACB /* TableViewDelegate.swift */ = {isa = PBXFileReference; fileEncoding = 4; lastKnownFileType = sourcecode.swift; name = TableViewDelegate.swift; path = Goalie/TableViewDelegate.swift; sourceTree = "<group>"; };
		F38319481C31B3CB00C36ACB /* GoalieTableView.swift */ = {isa = PBXFileReference; fileEncoding = 4; lastKnownFileType = sourcecode.swift; name = GoalieTableView.swift; path = Goalie/GoalieTableView.swift; sourceTree = "<group>"; };
		F38B550F1C34DD810022453F /* SettingsViewController.swift */ = {isa = PBXFileReference; fileEncoding = 4; lastKnownFileType = sourcecode.swift; name = SettingsViewController.swift; path = Goalie/SettingsViewController.swift; sourceTree = "<group>"; };
		F38B55111C34E0EA0022453F /* GoalieSettingsManager.swift */ = {isa = PBXFileReference; fileEncoding = 4; lastKnownFileType = sourcecode.swift; name = GoalieSettingsManager.swift; path = Goalie/GoalieSettingsManager.swift; sourceTree = "<group>"; };
		F38B55131C3851190022453F /* NotoSans-Bold.ttf */ = {isa = PBXFileReference; lastKnownFileType = file; path = "NotoSans-Bold.ttf"; sourceTree = "<group>"; };
		F38B55141C3851190022453F /* NotoSans-Regular.ttf */ = {isa = PBXFileReference; lastKnownFileType = file; path = "NotoSans-Regular.ttf"; sourceTree = "<group>"; };
		F38B55171C3854A10022453F /* GoalieKerningLabel.swift */ = {isa = PBXFileReference; fileEncoding = 4; lastKnownFileType = sourcecode.swift; name = GoalieKerningLabel.swift; path = Goalie/GoalieKerningLabel.swift; sourceTree = "<group>"; };
		F38B55191C3859050022453F /* GoalieKerningButton.swift */ = {isa = PBXFileReference; fileEncoding = 4; lastKnownFileType = sourcecode.swift; name = GoalieKerningButton.swift; path = Goalie/GoalieKerningButton.swift; sourceTree = "<group>"; };
		F38B551B1C3863000022453F /* TaskPriorityUpdater.swift */ = {isa = PBXFileReference; fileEncoding = 4; lastKnownFileType = sourcecode.swift; name = TaskPriorityUpdater.swift; path = Goalie/TaskPriorityUpdater.swift; sourceTree = "<group>"; };
		F38B551D1C388F510022453F /* NSDate+Extensions.swift */ = {isa = PBXFileReference; fileEncoding = 4; lastKnownFileType = sourcecode.swift; name = "NSDate+Extensions.swift"; path = "Goalie/NSDate+Extensions.swift"; sourceTree = "<group>"; };
		F38E2EA41C34863600945CA4 /* UIView+Extensions.swift */ = {isa = PBXFileReference; fileEncoding = 4; lastKnownFileType = sourcecode.swift; name = "UIView+Extensions.swift"; path = "Goalie/UIView+Extensions.swift"; sourceTree = "<group>"; };
		F3DB3DCA1C3221AF0005C607 /* Goalie-Bridging-Header.h */ = {isa = PBXFileReference; lastKnownFileType = sourcecode.c.h; path = "Goalie-Bridging-Header.h"; sourceTree = "<group>"; };
		F3DB3E031C322DC40005C607 /* MainTasksViewController.swift */ = {isa = PBXFileReference; fileEncoding = 4; lastKnownFileType = sourcecode.swift; name = MainTasksViewController.swift; path = Goalie/MainTasksViewController.swift; sourceTree = "<group>"; };
		F3DB3E061C3267CE0005C607 /* TPKeyboardAvoidingScrollView.h */ = {isa = PBXFileReference; fileEncoding = 4; lastKnownFileType = sourcecode.c.h; path = TPKeyboardAvoidingScrollView.h; sourceTree = "<group>"; };
		F3DB3E071C3267CE0005C607 /* TPKeyboardAvoidingScrollView.m */ = {isa = PBXFileReference; fileEncoding = 4; lastKnownFileType = sourcecode.c.objc; path = TPKeyboardAvoidingScrollView.m; sourceTree = "<group>"; };
		F3DB3E081C3267CE0005C607 /* TPKeyboardAvoidingTableView.h */ = {isa = PBXFileReference; fileEncoding = 4; lastKnownFileType = sourcecode.c.h; path = TPKeyboardAvoidingTableView.h; sourceTree = "<group>"; };
		F3DB3E091C3267CE0005C607 /* TPKeyboardAvoidingTableView.m */ = {isa = PBXFileReference; fileEncoding = 4; lastKnownFileType = sourcecode.c.objc; path = TPKeyboardAvoidingTableView.m; sourceTree = "<group>"; };
		F3DB3E0A1C3267CE0005C607 /* UIScrollView+TPKeyboardAvoidingAdditions.h */ = {isa = PBXFileReference; fileEncoding = 4; lastKnownFileType = sourcecode.c.h; path = "UIScrollView+TPKeyboardAvoidingAdditions.h"; sourceTree = "<group>"; };
		F3DB3E0B1C3267CE0005C607 /* UIScrollView+TPKeyboardAvoidingAdditions.m */ = {isa = PBXFileReference; fileEncoding = 4; lastKnownFileType = sourcecode.c.objc; path = "UIScrollView+TPKeyboardAvoidingAdditions.m"; sourceTree = "<group>"; };
		F3DB3E0F1C32682A0005C607 /* ProjectEnums.swift */ = {isa = PBXFileReference; fileEncoding = 4; lastKnownFileType = sourcecode.swift; name = ProjectEnums.swift; path = Goalie/ProjectEnums.swift; sourceTree = "<group>"; };
		F3DB3E111C3306690005C607 /* EditTaskViewController.swift */ = {isa = PBXFileReference; fileEncoding = 4; lastKnownFileType = sourcecode.swift; name = EditTaskViewController.swift; path = Goalie/EditTaskViewController.swift; sourceTree = "<group>"; };
		F3DB3E1D1C331B690005C607 /* JVFloatLabeledTextField.h */ = {isa = PBXFileReference; fileEncoding = 4; lastKnownFileType = sourcecode.c.h; name = JVFloatLabeledTextField.h; path = JVFloatingLabel/JVFloatLabeledTextField.h; sourceTree = "<group>"; };
		F3DB3E1E1C331B690005C607 /* JVFloatLabeledTextField.m */ = {isa = PBXFileReference; fileEncoding = 4; lastKnownFileType = sourcecode.c.objc; name = JVFloatLabeledTextField.m; path = JVFloatingLabel/JVFloatLabeledTextField.m; sourceTree = "<group>"; };
		F3DB3E1F1C331B690005C607 /* JVFloatLabeledTextView.h */ = {isa = PBXFileReference; fileEncoding = 4; lastKnownFileType = sourcecode.c.h; name = JVFloatLabeledTextView.h; path = JVFloatingLabel/JVFloatLabeledTextView.h; sourceTree = "<group>"; };
		F3DB3E201C331B690005C607 /* JVFloatLabeledTextView.m */ = {isa = PBXFileReference; fileEncoding = 4; lastKnownFileType = sourcecode.c.objc; name = JVFloatLabeledTextView.m; path = JVFloatingLabel/JVFloatLabeledTextView.m; sourceTree = "<group>"; };
		F3DB3E211C331B690005C607 /* NSString+TextDirectionality.h */ = {isa = PBXFileReference; fileEncoding = 4; lastKnownFileType = sourcecode.c.h; name = "NSString+TextDirectionality.h"; path = "JVFloatingLabel/NSString+TextDirectionality.h"; sourceTree = "<group>"; };
		F3DB3E221C331B690005C607 /* NSString+TextDirectionality.m */ = {isa = PBXFileReference; fileEncoding = 4; lastKnownFileType = sourcecode.c.objc; name = "NSString+TextDirectionality.m"; path = "JVFloatingLabel/NSString+TextDirectionality.m"; sourceTree = "<group>"; };
		F3DB3E271C33612A0005C607 /* Fabric.framework */ = {isa = PBXFileReference; lastKnownFileType = wrapper.framework; path = Fabric.framework; sourceTree = "<group>"; };
		F3DB3E281C33612A0005C607 /* Crashlytics.framework */ = {isa = PBXFileReference; lastKnownFileType = wrapper.framework; path = Crashlytics.framework; sourceTree = "<group>"; };
		F3FB80971C320E65008C1E07 /* Task.xcdatamodel */ = {isa = PBXFileReference; lastKnownFileType = wrapper.xcdatamodel; path = Task.xcdatamodel; sourceTree = "<group>"; };
		F3FB80991C320E86008C1E07 /* Task.swift */ = {isa = PBXFileReference; fileEncoding = 4; lastKnownFileType = sourcecode.swift; name = Task.swift; path = Goalie/Task.swift; sourceTree = "<group>"; };
/* End PBXFileReference section */

/* Begin PBXFrameworksBuildPhase section */
		F38318CA1C2F343600C36ACB /* Frameworks */ = {
			isa = PBXFrameworksBuildPhase;
			buildActionMask = 2147483647;
			files = (
				F3DB3E2A1C33612A0005C607 /* Crashlytics.framework in Frameworks */,
				F3DB3E291C33612A0005C607 /* Fabric.framework in Frameworks */,
			);
			runOnlyForDeploymentPostprocessing = 0;
		};
/* End PBXFrameworksBuildPhase section */

/* Begin PBXGroup section */
		F32C2A531C3B9E8C002ACA53 /* Storyboards */ = {
			isa = PBXGroup;
			children = (
				F38318D91C2F343600C36ACB /* LaunchScreen.storyboard */,
				F38318D41C2F343600C36ACB /* Main.storyboard */,
			);
			name = Storyboards;
			sourceTree = "<group>";
		};
		F32C2A541C3B9EA1002ACA53 /* Managers and Updaters */ = {
			isa = PBXGroup;
			children = (
				F322EB101C34C371001B8C44 /* TaskCellAppearanceUpdater.swift */,
				F38B55111C34E0EA0022453F /* GoalieSettingsManager.swift */,
				F38B551B1C3863000022453F /* TaskPriorityUpdater.swift */,
			);
			name = "Managers and Updaters";
			sourceTree = "<group>";
		};
		F32C2A571C3C8D55002ACA53 /* Goalie Drawing */ = {
			isa = PBXGroup;
			children = (
				F32489461C3CD3AE00E3DABD /* GoalieFaceKit.swift */,
				F32C2A5A1C3C905F002ACA53 /* GoalieHeadKit.swift */,
				F32C2A5E1C3CB3C5002ACA53 /* GoalieFaceView.swift */,
			);
			name = "Goalie Drawing";
			sourceTree = "<group>";
		};
		F38318C41C2F343600C36ACB = {
			isa = PBXGroup;
			children = (
				F32C2A571C3C8D55002ACA53 /* Goalie Drawing */,
				F383193F1C31A74900C36ACB /* Core Data */,
				F38319421C31A9C000C36ACB /* Enums */,
				F38319401C31A76400C36ACB /* Extensions */,
				F383190E1C31A58A00C36ACB /* External Frameworks */,
				F38319411C31A77E00C36ACB /* Generic Delegate/DataSource */,
				F38319471C31AB4100C36ACB /* Custom UI */,
				F32C2A541C3B9EA1002ACA53 /* Managers and Updaters */,
				F38318CF1C2F343600C36ACB /* Other */,
				F38318CE1C2F343600C36ACB /* Products */,
				F32C2A531C3B9E8C002ACA53 /* Storyboards */,
				F38319451C31AB2700C36ACB /* View Controllers */,
			);
			sourceTree = "<group>";
		};
		F38318CE1C2F343600C36ACB /* Products */ = {
			isa = PBXGroup;
			children = (
				F38318CD1C2F343600C36ACB /* Goalie.app */,
			);
			name = Products;
			sourceTree = "<group>";
		};
		F38318CF1C2F343600C36ACB /* Other */ = {
			isa = PBXGroup;
			children = (
				F38318D71C2F343600C36ACB /* Assets.xcassets */,
				F38B55131C3851190022453F /* NotoSans-Bold.ttf */,
				F38B55141C3851190022453F /* NotoSans-Regular.ttf */,
				F38318DC1C2F343600C36ACB /* Info.plist */,
				F38318D01C2F343600C36ACB /* AppDelegate.swift */,
			);
			name = Other;
			path = Goalie;
			sourceTree = "<group>";
		};
		F383190E1C31A58A00C36ACB /* External Frameworks */ = {
			isa = PBXGroup;
			children = (
				F3DB3E271C33612A0005C607 /* Fabric.framework */,
				F3DB3E281C33612A0005C607 /* Crashlytics.framework */,
				F3DB3E1C1C331A870005C607 /* JVFloatingLabel */,
				F3DB3E051C3267CE0005C607 /* TPKeyboardAvoiding */,
				F3DB3DCA1C3221AF0005C607 /* Goalie-Bridging-Header.h */,
			);
			name = "External Frameworks";
			sourceTree = "<group>";
		};
		F383193F1C31A74900C36ACB /* Core Data */ = {
			isa = PBXGroup;
			children = (
				F38319111C31A72D00C36ACB /* ManagedObject.swift */,
				F38319121C31A72D00C36ACB /* CoreDataStack.swift */,
				F38319131C31A72D00C36ACB /* DataRelatedProtocols.swift */,
				F38319141C31A72D00C36ACB /* ManagedObjectObserver.swift */,
				F38319151C31A72D00C36ACB /* DefaultTasksFetchRequestProvider.swift */,
				F38319161C31A72D00C36ACB /* TasksDataProvider.swift */,
				F3FB80961C320E65008C1E07 /* Task.xcdatamodeld */,
				F3FB80991C320E86008C1E07 /* Task.swift */,
			);
			name = "Core Data";
			sourceTree = "<group>";
		};
		F38319401C31A76400C36ACB /* Extensions */ = {
			isa = PBXGroup;
			children = (
				F322EB121C34C9D4001B8C44 /* UIButton+Extensions.swift */,
				F38319171C31A72D00C36ACB /* Utilities.swift */,
				F38319181C31A72D00C36ACB /* UIImage+Extensions.swift */,
				F38319191C31A72D00C36ACB /* NSURL+Extensions.swift */,
				F383191A1C31A72D00C36ACB /* UINavigationBar+Extensions.swift */,
				F383191B1C31A72D00C36ACB /* NSManagedObjectContext+Extensions.swift */,
				F383191C1C31A72D00C36ACB /* NSManagedObjectContext+Observers.swift */,
				F383191D1C31A72D00C36ACB /* UITableView+Extensions.swift */,
				F383191E1C31A72D00C36ACB /* UIStoryboard+Extensions.swift */,
				F383191F1C31A72D00C36ACB /* UIColor+Extensions.swift */,
				F38319201C31A72D00C36ACB /* UIFont+Extensions.swift */,
				F38E2EA41C34863600945CA4 /* UIView+Extensions.swift */,
				F38B551D1C388F510022453F /* NSDate+Extensions.swift */,
			);
			name = Extensions;
			sourceTree = "<group>";
		};
		F38319411C31A77E00C36ACB /* Generic Delegate/DataSource */ = {
			isa = PBXGroup;
			children = (
				F38319211C31A72D00C36ACB /* DataProvider.swift */,
				F38319221C31A72D00C36ACB /* FetchedResultsDataProvider.swift */,
				F38319231C31A72D00C36ACB /* TableViewDataSource.swift */,
				F38319241C31A72D00C36ACB /* TableViewDelegate.swift */,
			);
			name = "Generic Delegate/DataSource";
			sourceTree = "<group>";
		};
		F38319421C31A9C000C36ACB /* Enums */ = {
			isa = PBXGroup;
			children = (
				F3DB3E0F1C32682A0005C607 /* ProjectEnums.swift */,
			);
			name = Enums;
			sourceTree = "<group>";
		};
		F38319451C31AB2700C36ACB /* View Controllers */ = {
			isa = PBXGroup;
			children = (
				F3DB3E031C322DC40005C607 /* MainTasksViewController.swift */,
				F3DB3E111C3306690005C607 /* EditTaskViewController.swift */,
				F38B550F1C34DD810022453F /* SettingsViewController.swift */,
			);
			name = "View Controllers";
			sourceTree = "<group>";
		};
		F38319471C31AB4100C36ACB /* Custom UI */ = {
			isa = PBXGroup;
			children = (
				F38B55191C3859050022453F /* GoalieKerningButton.swift */,
				F38B55171C3854A10022453F /* GoalieKerningLabel.swift */,
				F38319481C31B3CB00C36ACB /* GoalieTableView.swift */,
				F383190C1C319FE800C36ACB /* TasksTableViewCell.swift */,
			);
			name = "Custom UI";
			sourceTree = "<group>";
		};
		F3DB3E051C3267CE0005C607 /* TPKeyboardAvoiding */ = {
			isa = PBXGroup;
			children = (
				F3DB3E061C3267CE0005C607 /* TPKeyboardAvoidingScrollView.h */,
				F3DB3E071C3267CE0005C607 /* TPKeyboardAvoidingScrollView.m */,
				F3DB3E081C3267CE0005C607 /* TPKeyboardAvoidingTableView.h */,
				F3DB3E091C3267CE0005C607 /* TPKeyboardAvoidingTableView.m */,
				F3DB3E0A1C3267CE0005C607 /* UIScrollView+TPKeyboardAvoidingAdditions.h */,
				F3DB3E0B1C3267CE0005C607 /* UIScrollView+TPKeyboardAvoidingAdditions.m */,
			);
			path = TPKeyboardAvoiding;
			sourceTree = "<group>";
		};
		F3DB3E1C1C331A870005C607 /* JVFloatingLabel */ = {
			isa = PBXGroup;
			children = (
				F3DB3E1D1C331B690005C607 /* JVFloatLabeledTextField.h */,
				F3DB3E1E1C331B690005C607 /* JVFloatLabeledTextField.m */,
				F3DB3E1F1C331B690005C607 /* JVFloatLabeledTextView.h */,
				F3DB3E201C331B690005C607 /* JVFloatLabeledTextView.m */,
				F3DB3E211C331B690005C607 /* NSString+TextDirectionality.h */,
				F3DB3E221C331B690005C607 /* NSString+TextDirectionality.m */,
			);
			name = JVFloatingLabel;
			sourceTree = "<group>";
		};
/* End PBXGroup section */

/* Begin PBXNativeTarget section */
		F38318CC1C2F343600C36ACB /* Goalie */ = {
			isa = PBXNativeTarget;
			buildConfigurationList = F38318DF1C2F343600C36ACB /* Build configuration list for PBXNativeTarget "Goalie" */;
			buildPhases = (
				F38318C91C2F343600C36ACB /* Sources */,
				F38318CA1C2F343600C36ACB /* Frameworks */,
				F38318CB1C2F343600C36ACB /* Resources */,
				F3DB3E261C3361170005C607 /* ShellScript */,
			);
			buildRules = (
			);
			dependencies = (
			);
			name = Goalie;
			productName = Goalie;
			productReference = F38318CD1C2F343600C36ACB /* Goalie.app */;
			productType = "com.apple.product-type.application";
		};
/* End PBXNativeTarget section */

/* Begin PBXProject section */
		F38318C51C2F343600C36ACB /* Project object */ = {
			isa = PBXProject;
			attributes = {
				LastSwiftUpdateCheck = 0720;
				LastUpgradeCheck = 0720;
				ORGANIZATIONNAME = Incipia;
				TargetAttributes = {
					F38318CC1C2F343600C36ACB = {
						CreatedOnToolsVersion = 7.2;
						DevelopmentTeam = 49BYD5B64K;
					};
				};
			};
			buildConfigurationList = F38318C81C2F343600C36ACB /* Build configuration list for PBXProject "Goalie" */;
			compatibilityVersion = "Xcode 3.2";
			developmentRegion = English;
			hasScannedForEncodings = 0;
			knownRegions = (
				en,
				Base,
			);
			mainGroup = F38318C41C2F343600C36ACB;
			productRefGroup = F38318CE1C2F343600C36ACB /* Products */;
			projectDirPath = "";
			projectRoot = "";
			targets = (
				F38318CC1C2F343600C36ACB /* Goalie */,
			);
		};
/* End PBXProject section */

/* Begin PBXResourcesBuildPhase section */
		F38318CB1C2F343600C36ACB /* Resources */ = {
			isa = PBXResourcesBuildPhase;
			buildActionMask = 2147483647;
			files = (
				F38B55151C3851190022453F /* NotoSans-Bold.ttf in Resources */,
				F38318DB1C2F343600C36ACB /* LaunchScreen.storyboard in Resources */,
				F38B55161C3851190022453F /* NotoSans-Regular.ttf in Resources */,
				F38318D81C2F343600C36ACB /* Assets.xcassets in Resources */,
				F38318D61C2F343600C36ACB /* Main.storyboard in Resources */,
			);
			runOnlyForDeploymentPostprocessing = 0;
		};
/* End PBXResourcesBuildPhase section */

/* Begin PBXShellScriptBuildPhase section */
		F3DB3E261C3361170005C607 /* ShellScript */ = {
			isa = PBXShellScriptBuildPhase;
			buildActionMask = 2147483647;
			files = (
			);
			inputPaths = (
			);
			outputPaths = (
			);
			runOnlyForDeploymentPostprocessing = 0;
			shellPath = /bin/sh;
			shellScript = "./Fabric.framework/run f8adb97359f3be505eb37f857a45751f47fd970d 407866616ca285468c6460521feef426e433f90b9fb69faf01009c146bb9da62";
		};
/* End PBXShellScriptBuildPhase section */

/* Begin PBXSourcesBuildPhase section */
		F38318C91C2F343600C36ACB /* Sources */ = {
			isa = PBXSourcesBuildPhase;
			buildActionMask = 2147483647;
			files = (
				F3FB809A1C320E86008C1E07 /* Task.swift in Sources */,
				F3FB80981C320E65008C1E07 /* Task.xcdatamodeld in Sources */,
				F38B55121C34E0EA0022453F /* GoalieSettingsManager.swift in Sources */,
				F383193C1C31A72D00C36ACB /* TableViewDelegate.swift in Sources */,
				F383192A1C31A72D00C36ACB /* CoreDataStack.swift in Sources */,
				F383190D1C319FE800C36ACB /* TasksTableViewCell.swift in Sources */,
				F38B55101C34DD810022453F /* SettingsViewController.swift in Sources */,
				F38319311C31A72D00C36ACB /* NSURL+Extensions.swift in Sources */,
				F38319291C31A72D00C36ACB /* ManagedObject.swift in Sources */,
				F38E2EA51C34863600945CA4 /* UIView+Extensions.swift in Sources */,
				F383192D1C31A72D00C36ACB /* DefaultTasksFetchRequestProvider.swift in Sources */,
				F3DB3E251C331B690005C607 /* NSString+TextDirectionality.m in Sources */,
				F38318D11C2F343600C36ACB /* AppDelegate.swift in Sources */,
				F32C2A5B1C3C905F002ACA53 /* GoalieHeadKit.swift in Sources */,
				F38319331C31A72D00C36ACB /* NSManagedObjectContext+Extensions.swift in Sources */,
				F383192F1C31A72D00C36ACB /* Utilities.swift in Sources */,
				F38319351C31A72D00C36ACB /* UITableView+Extensions.swift in Sources */,
				F3DB3E241C331B690005C607 /* JVFloatLabeledTextView.m in Sources */,
				F322EB131C34C9D4001B8C44 /* UIButton+Extensions.swift in Sources */,
				F3DB3E041C322DC40005C607 /* MainTasksViewController.swift in Sources */,
				F383192C1C31A72D00C36ACB /* ManagedObjectObserver.swift in Sources */,
				F38319371C31A72D00C36ACB /* UIColor+Extensions.swift in Sources */,
				F383192B1C31A72D00C36ACB /* DataRelatedProtocols.swift in Sources */,
				F38319381C31A72D00C36ACB /* UIFont+Extensions.swift in Sources */,
				F38319491C31B3CB00C36ACB /* GoalieTableView.swift in Sources */,
				F38319321C31A72D00C36ACB /* UINavigationBar+Extensions.swift in Sources */,
				F3DB3E101C32682A0005C607 /* ProjectEnums.swift in Sources */,
				F3DB3E0E1C3267CE0005C607 /* UIScrollView+TPKeyboardAvoidingAdditions.m in Sources */,
				F38319391C31A72D00C36ACB /* DataProvider.swift in Sources */,
				F38319341C31A72D00C36ACB /* NSManagedObjectContext+Observers.swift in Sources */,
				F38B551E1C388F510022453F /* NSDate+Extensions.swift in Sources */,
				F322EB111C34C371001B8C44 /* TaskCellAppearanceUpdater.swift in Sources */,
				F3DB3E0C1C3267CE0005C607 /* TPKeyboardAvoidingScrollView.m in Sources */,
				F383193B1C31A72D00C36ACB /* TableViewDataSource.swift in Sources */,
				F32489471C3CD3AE00E3DABD /* GoalieFaceKit.swift in Sources */,
				F383193A1C31A72D00C36ACB /* FetchedResultsDataProvider.swift in Sources */,
				F38319301C31A72D00C36ACB /* UIImage+Extensions.swift in Sources */,
				F38B55181C3854A10022453F /* GoalieKerningLabel.swift in Sources */,
				F383192E1C31A72D00C36ACB /* TasksDataProvider.swift in Sources */,
				F38B551A1C3859050022453F /* GoalieKerningButton.swift in Sources */,
				F3DB3E231C331B690005C607 /* JVFloatLabeledTextField.m in Sources */,
				F38B551C1C3863000022453F /* TaskPriorityUpdater.swift in Sources */,
				F3DB3E121C3306690005C607 /* EditTaskViewController.swift in Sources */,
				F38319361C31A72D00C36ACB /* UIStoryboard+Extensions.swift in Sources */,
				F3DB3E0D1C3267CE0005C607 /* TPKeyboardAvoidingTableView.m in Sources */,
				F32C2A5F1C3CB3C5002ACA53 /* GoalieFaceView.swift in Sources */,
			);
			runOnlyForDeploymentPostprocessing = 0;
		};
/* End PBXSourcesBuildPhase section */

/* Begin PBXVariantGroup section */
		F38318D41C2F343600C36ACB /* Main.storyboard */ = {
			isa = PBXVariantGroup;
			children = (
				F38318D51C2F343600C36ACB /* Base */,
			);
			name = Main.storyboard;
			path = Goalie;
			sourceTree = "<group>";
		};
		F38318D91C2F343600C36ACB /* LaunchScreen.storyboard */ = {
			isa = PBXVariantGroup;
			children = (
				F38318DA1C2F343600C36ACB /* Base */,
			);
			name = LaunchScreen.storyboard;
			path = Goalie;
			sourceTree = "<group>";
		};
/* End PBXVariantGroup section */

/* Begin XCBuildConfiguration section */
		F38318DD1C2F343600C36ACB /* Debug */ = {
			isa = XCBuildConfiguration;
			buildSettings = {
				ALWAYS_SEARCH_USER_PATHS = NO;
				CLANG_CXX_LANGUAGE_STANDARD = "gnu++0x";
				CLANG_CXX_LIBRARY = "libc++";
				CLANG_ENABLE_MODULES = YES;
				CLANG_ENABLE_OBJC_ARC = YES;
				CLANG_WARN_BOOL_CONVERSION = YES;
				CLANG_WARN_CONSTANT_CONVERSION = YES;
				CLANG_WARN_DIRECT_OBJC_ISA_USAGE = YES_ERROR;
				CLANG_WARN_EMPTY_BODY = YES;
				CLANG_WARN_ENUM_CONVERSION = YES;
				CLANG_WARN_INT_CONVERSION = YES;
				CLANG_WARN_OBJC_ROOT_CLASS = YES_ERROR;
				CLANG_WARN_UNREACHABLE_CODE = YES;
				CLANG_WARN__DUPLICATE_METHOD_MATCH = YES;
				"CODE_SIGN_IDENTITY[sdk=iphoneos*]" = "iPhone Developer";
				COPY_PHASE_STRIP = NO;
				DEBUG_INFORMATION_FORMAT = dwarf;
				ENABLE_STRICT_OBJC_MSGSEND = YES;
				ENABLE_TESTABILITY = YES;
				GCC_C_LANGUAGE_STANDARD = gnu99;
				GCC_DYNAMIC_NO_PIC = NO;
				GCC_NO_COMMON_BLOCKS = YES;
				GCC_OPTIMIZATION_LEVEL = 0;
				GCC_PREPROCESSOR_DEFINITIONS = (
					"DEBUG=1",
					"$(inherited)",
				);
				GCC_WARN_64_TO_32_BIT_CONVERSION = YES;
				GCC_WARN_ABOUT_RETURN_TYPE = YES_ERROR;
				GCC_WARN_UNDECLARED_SELECTOR = YES;
				GCC_WARN_UNINITIALIZED_AUTOS = YES_AGGRESSIVE;
				GCC_WARN_UNUSED_FUNCTION = YES;
				GCC_WARN_UNUSED_VARIABLE = YES;
				IPHONEOS_DEPLOYMENT_TARGET = 9.2;
				MTL_ENABLE_DEBUG_INFO = YES;
				ONLY_ACTIVE_ARCH = YES;
				SDKROOT = iphoneos;
				SWIFT_OPTIMIZATION_LEVEL = "-Onone";
			};
			name = Debug;
		};
		F38318DE1C2F343600C36ACB /* Release */ = {
			isa = XCBuildConfiguration;
			buildSettings = {
				ALWAYS_SEARCH_USER_PATHS = NO;
				CLANG_CXX_LANGUAGE_STANDARD = "gnu++0x";
				CLANG_CXX_LIBRARY = "libc++";
				CLANG_ENABLE_MODULES = YES;
				CLANG_ENABLE_OBJC_ARC = YES;
				CLANG_WARN_BOOL_CONVERSION = YES;
				CLANG_WARN_CONSTANT_CONVERSION = YES;
				CLANG_WARN_DIRECT_OBJC_ISA_USAGE = YES_ERROR;
				CLANG_WARN_EMPTY_BODY = YES;
				CLANG_WARN_ENUM_CONVERSION = YES;
				CLANG_WARN_INT_CONVERSION = YES;
				CLANG_WARN_OBJC_ROOT_CLASS = YES_ERROR;
				CLANG_WARN_UNREACHABLE_CODE = YES;
				CLANG_WARN__DUPLICATE_METHOD_MATCH = YES;
				"CODE_SIGN_IDENTITY[sdk=iphoneos*]" = "iPhone Developer";
				COPY_PHASE_STRIP = NO;
				DEBUG_INFORMATION_FORMAT = "dwarf-with-dsym";
				ENABLE_NS_ASSERTIONS = NO;
				ENABLE_STRICT_OBJC_MSGSEND = YES;
				GCC_C_LANGUAGE_STANDARD = gnu99;
				GCC_NO_COMMON_BLOCKS = YES;
				GCC_WARN_64_TO_32_BIT_CONVERSION = YES;
				GCC_WARN_ABOUT_RETURN_TYPE = YES_ERROR;
				GCC_WARN_UNDECLARED_SELECTOR = YES;
				GCC_WARN_UNINITIALIZED_AUTOS = YES_AGGRESSIVE;
				GCC_WARN_UNUSED_FUNCTION = YES;
				GCC_WARN_UNUSED_VARIABLE = YES;
				IPHONEOS_DEPLOYMENT_TARGET = 9.2;
				MTL_ENABLE_DEBUG_INFO = NO;
				SDKROOT = iphoneos;
				VALIDATE_PRODUCT = YES;
			};
			name = Release;
		};
		F38318E01C2F343600C36ACB /* Debug */ = {
			isa = XCBuildConfiguration;
			buildSettings = {
				ASSETCATALOG_COMPILER_APPICON_NAME = AppIcon;
				CLANG_ENABLE_MODULES = YES;
				CODE_SIGN_IDENTITY = "iPhone Developer";
				FRAMEWORK_SEARCH_PATHS = (
					"$(inherited)",
					"$(PROJECT_DIR)",
				);
				INFOPLIST_FILE = Goalie/Info.plist;
				IPHONEOS_DEPLOYMENT_TARGET = 8.3;
				LD_RUNPATH_SEARCH_PATHS = "$(inherited) @executable_path/Frameworks";
				PRODUCT_BUNDLE_IDENTIFIER = com.incipia.Goalie;
				PRODUCT_NAME = "$(TARGET_NAME)";
				PROVISIONING_PROFILE = "9d0ccd64-9702-4ad7-a544-e285b2069cbd";
				SWIFT_OBJC_BRIDGING_HEADER = "Goalie-Bridging-Header.h";
				SWIFT_OPTIMIZATION_LEVEL = "-Onone";
			};
			name = Debug;
		};
		F38318E11C2F343600C36ACB /* Release */ = {
			isa = XCBuildConfiguration;
			buildSettings = {
				ASSETCATALOG_COMPILER_APPICON_NAME = AppIcon;
				CLANG_ENABLE_MODULES = YES;
				CODE_SIGN_IDENTITY = "iPhone Developer";
				FRAMEWORK_SEARCH_PATHS = (
					"$(inherited)",
					"$(PROJECT_DIR)",
				);
				INFOPLIST_FILE = Goalie/Info.plist;
				IPHONEOS_DEPLOYMENT_TARGET = 8.3;
				LD_RUNPATH_SEARCH_PATHS = "$(inherited) @executable_path/Frameworks";
				PRODUCT_BUNDLE_IDENTIFIER = com.incipia.Goalie;
				PRODUCT_NAME = "$(TARGET_NAME)";
				PROVISIONING_PROFILE = "9d0ccd64-9702-4ad7-a544-e285b2069cbd";
				SWIFT_OBJC_BRIDGING_HEADER = "Goalie-Bridging-Header.h";
			};
			name = Release;
		};
/* End XCBuildConfiguration section */

/* Begin XCConfigurationList section */
		F38318C81C2F343600C36ACB /* Build configuration list for PBXProject "Goalie" */ = {
			isa = XCConfigurationList;
			buildConfigurations = (
				F38318DD1C2F343600C36ACB /* Debug */,
				F38318DE1C2F343600C36ACB /* Release */,
			);
			defaultConfigurationIsVisible = 0;
			defaultConfigurationName = Release;
		};
		F38318DF1C2F343600C36ACB /* Build configuration list for PBXNativeTarget "Goalie" */ = {
			isa = XCConfigurationList;
			buildConfigurations = (
				F38318E01C2F343600C36ACB /* Debug */,
				F38318E11C2F343600C36ACB /* Release */,
			);
			defaultConfigurationIsVisible = 0;
			defaultConfigurationName = Release;
		};
/* End XCConfigurationList section */

/* Begin XCVersionGroup section */
		F3FB80961C320E65008C1E07 /* Task.xcdatamodeld */ = {
			isa = XCVersionGroup;
			children = (
				F3FB80971C320E65008C1E07 /* Task.xcdatamodel */,
			);
			currentVersion = F3FB80971C320E65008C1E07 /* Task.xcdatamodel */;
			name = Task.xcdatamodeld;
			path = Goalie/Task.xcdatamodeld;
			sourceTree = "<group>";
			versionGroupType = wrapper.xcdatamodel;
		};
/* End XCVersionGroup section */
	};
	rootObject = F38318C51C2F343600C36ACB /* Project object */;
}
