// !$*UTF8*$!
{
	archiveVersion = 1;
	classes = {
	};
	objectVersion = 46;
	objects = {

/* Begin PBXBuildFile section */
		CE7F61F61C6AEAAF00C2C0A2 /* BizeeBeeFacePathProvider.swift in Sources */ = {isa = PBXBuildFile; fileRef = CE7F61F51C6AEAAF00C2C0A2 /* BizeeBeeFacePathProvider.swift */; };
		CE7F61FB1C6AEDC700C2C0A2 /* CharacterFaceLayer.swift in Sources */ = {isa = PBXBuildFile; fileRef = CE7F61FA1C6AEDC700C2C0A2 /* CharacterFaceLayer.swift */; };
		CE7F61FD1C6AEDE700C2C0A2 /* BizeeBeeFaceLayer.swift in Sources */ = {isa = PBXBuildFile; fileRef = CE7F61FC1C6AEDE700C2C0A2 /* BizeeBeeFaceLayer.swift */; };
		CE7F61FF1C6AF2D800C2C0A2 /* CharacterFacePathProvider.swift in Sources */ = {isa = PBXBuildFile; fileRef = CE7F61FE1C6AF2D800C2C0A2 /* CharacterFacePathProvider.swift */; };
		CEAA5A811C6ADEFA0061BFA8 /* BizeeBeeCharacterKit.swift in Sources */ = {isa = PBXBuildFile; fileRef = CEAA5A801C6ADEFA0061BFA8 /* BizeeBeeCharacterKit.swift */; };
		CEAC1EB81C6BE2E600969E04 /* BusyBeeCompleted.mp3 in Resources */ = {isa = PBXBuildFile; fileRef = CEAC1EB71C6BE2E600969E04 /* BusyBeeCompleted.mp3 */; };
		CEB15B981CA5F5EC002B8C66 /* FoxCharacterKit.swift in Sources */ = {isa = PBXBuildFile; fileRef = CEB15B971CA5F5EC002B8C66 /* FoxCharacterKit.swift */; };
		CEB15B9B1CA5FB58002B8C66 /* FoxFaceLayer.swift in Sources */ = {isa = PBXBuildFile; fileRef = CEB15B9A1CA5FB58002B8C66 /* FoxFaceLayer.swift */; };
		CEB15B9D1CA5FCA6002B8C66 /* FoxFacePathProvider.swift in Sources */ = {isa = PBXBuildFile; fileRef = CEB15B9C1CA5FCA6002B8C66 /* FoxFacePathProvider.swift */; };
		CEB15B9F1CA6157C002B8C66 /* ChecklistorCharacterKit.swift in Sources */ = {isa = PBXBuildFile; fileRef = CEB15B9E1CA6157C002B8C66 /* ChecklistorCharacterKit.swift */; };
		CEB5854C1C5300DB00A39746 /* LPRTableView.swift in Sources */ = {isa = PBXBuildFile; fileRef = CEB5854B1C5300DB00A39746 /* LPRTableView.swift */; };
		CEBB00F21CA61CB2005BB8DB /* ChecklistorFaceLayer.swift in Sources */ = {isa = PBXBuildFile; fileRef = CEBB00F11CA61CB2005BB8DB /* ChecklistorFaceLayer.swift */; };
		CEBB00F41CA61CFE005BB8DB /* FaceLayerFactory.swift in Sources */ = {isa = PBXBuildFile; fileRef = CEBB00F31CA61CFE005BB8DB /* FaceLayerFactory.swift */; };
		CEBB00F61CA61F6E005BB8DB /* ChecklistorFacePathProvider.swift in Sources */ = {isa = PBXBuildFile; fileRef = CEBB00F51CA61F6E005BB8DB /* ChecklistorFacePathProvider.swift */; };
		CEBB00F81CA7BABC005BB8DB /* EditListViewController.swift in Sources */ = {isa = PBXBuildFile; fileRef = CEBB00F71CA7BABC005BB8DB /* EditListViewController.swift */; };
		CEC1C84C1C5C90CB0074290A /* ChangePriorityRight.mp3 in Resources */ = {isa = PBXBuildFile; fileRef = CEC1C84B1C5C90CB0074290A /* ChangePriorityRight.mp3 */; };
		CEE541011C6A7380008BEC7C /* AdSupport.framework in Frameworks */ = {isa = PBXBuildFile; fileRef = CEE541001C6A7380008BEC7C /* AdSupport.framework */; };
		CEE541041C6A73AD008BEC7C /* Crashlytics.framework in Frameworks */ = {isa = PBXBuildFile; fileRef = CEE541021C6A73AD008BEC7C /* Crashlytics.framework */; };
		CEE541051C6A73AD008BEC7C /* Fabric.framework in Frameworks */ = {isa = PBXBuildFile; fileRef = CEE541031C6A73AD008BEC7C /* Fabric.framework */; };
		CEE541091C6A9DA5008BEC7C /* MKStoreKit.m in Sources */ = {isa = PBXBuildFile; fileRef = CEE541071C6A9DA5008BEC7C /* MKStoreKit.m */; };
		CEE5410A1C6A9DA5008BEC7C /* MKStoreKitConfigs.plist in Resources */ = {isa = PBXBuildFile; fileRef = CEE541081C6A9DA5008BEC7C /* MKStoreKitConfigs.plist */; };
		F322EB111C34C371001B8C44 /* TaskCellAppearanceUpdater.swift in Sources */ = {isa = PBXBuildFile; fileRef = F322EB101C34C371001B8C44 /* TaskCellAppearanceUpdater.swift */; };
		F322EB131C34C9D4001B8C44 /* UIButton+Extensions.swift in Sources */ = {isa = PBXBuildFile; fileRef = F322EB121C34C9D4001B8C44 /* UIButton+Extensions.swift */; };
		F32489491C3F174300E3DABD /* GoalieSpeechBubble.swift in Sources */ = {isa = PBXBuildFile; fileRef = F32489481C3F174300E3DABD /* GoalieSpeechBubble.swift */; };
		F324894D1C3F50EE00E3DABD /* SpeechBubbleTextProvider.swift in Sources */ = {isa = PBXBuildFile; fileRef = F324894C1C3F50EE00E3DABD /* SpeechBubbleTextProvider.swift */; };
		F324894F1C3F5DCF00E3DABD /* NSAttributedString+Extensions.swift in Sources */ = {isa = PBXBuildFile; fileRef = F324894E1C3F5DCF00E3DABD /* NSAttributedString+Extensions.swift */; };
		F342D1D51C473679006D758A /* OnboardingTransitionManager.swift in Sources */ = {isa = PBXBuildFile; fileRef = F342D1D41C473679006D758A /* OnboardingTransitionManager.swift */; };
		F350C7161C4806E200416F14 /* CharacterView.swift in Sources */ = {isa = PBXBuildFile; fileRef = F350C7151C4806E200416F14 /* CharacterView.swift */; };
		F350C7191C481CD400416F14 /* GoalieCharacter.swift in Sources */ = {isa = PBXBuildFile; fileRef = F350C7181C481CD400416F14 /* GoalieCharacter.swift */; };
		F38318D11C2F343600C36ACB /* AppDelegate.swift in Sources */ = {isa = PBXBuildFile; fileRef = F38318D01C2F343600C36ACB /* AppDelegate.swift */; };
		F38318D61C2F343600C36ACB /* Main.storyboard in Resources */ = {isa = PBXBuildFile; fileRef = F38318D41C2F343600C36ACB /* Main.storyboard */; };
		F38318DB1C2F343600C36ACB /* LaunchScreen.storyboard in Resources */ = {isa = PBXBuildFile; fileRef = F38318D91C2F343600C36ACB /* LaunchScreen.storyboard */; };
		F383190D1C319FE800C36ACB /* TasksTableViewCell.swift in Sources */ = {isa = PBXBuildFile; fileRef = F383190C1C319FE800C36ACB /* TasksTableViewCell.swift */; };
		F38319291C31A72D00C36ACB /* ManagedObject.swift in Sources */ = {isa = PBXBuildFile; fileRef = F38319111C31A72D00C36ACB /* ManagedObject.swift */; };
		F383192A1C31A72D00C36ACB /* CoreDataStack.swift in Sources */ = {isa = PBXBuildFile; fileRef = F38319121C31A72D00C36ACB /* CoreDataStack.swift */; };
		F383192B1C31A72D00C36ACB /* DataRelatedProtocols.swift in Sources */ = {isa = PBXBuildFile; fileRef = F38319131C31A72D00C36ACB /* DataRelatedProtocols.swift */; };
		F383192C1C31A72D00C36ACB /* ManagedObjectObserver.swift in Sources */ = {isa = PBXBuildFile; fileRef = F38319141C31A72D00C36ACB /* ManagedObjectObserver.swift */; };
		F383192D1C31A72D00C36ACB /* DefaultTasksFetchRequestProvider.swift in Sources */ = {isa = PBXBuildFile; fileRef = F38319151C31A72D00C36ACB /* DefaultTasksFetchRequestProvider.swift */; };
		F383192E1C31A72D00C36ACB /* TasksDataProvider.swift in Sources */ = {isa = PBXBuildFile; fileRef = F38319161C31A72D00C36ACB /* TasksDataProvider.swift */; };
		F383192F1C31A72D00C36ACB /* Utilities.swift in Sources */ = {isa = PBXBuildFile; fileRef = F38319171C31A72D00C36ACB /* Utilities.swift */; };
		F38319301C31A72D00C36ACB /* UIImage+Extensions.swift in Sources */ = {isa = PBXBuildFile; fileRef = F38319181C31A72D00C36ACB /* UIImage+Extensions.swift */; };
		F38319311C31A72D00C36ACB /* NSURL+Extensions.swift in Sources */ = {isa = PBXBuildFile; fileRef = F38319191C31A72D00C36ACB /* NSURL+Extensions.swift */; };
		F38319321C31A72D00C36ACB /* UINavigationBar+Extensions.swift in Sources */ = {isa = PBXBuildFile; fileRef = F383191A1C31A72D00C36ACB /* UINavigationBar+Extensions.swift */; };
		F38319331C31A72D00C36ACB /* NSManagedObjectContext+Extensions.swift in Sources */ = {isa = PBXBuildFile; fileRef = F383191B1C31A72D00C36ACB /* NSManagedObjectContext+Extensions.swift */; };
		F38319341C31A72D00C36ACB /* NSManagedObjectContext+Observers.swift in Sources */ = {isa = PBXBuildFile; fileRef = F383191C1C31A72D00C36ACB /* NSManagedObjectContext+Observers.swift */; };
		F38319351C31A72D00C36ACB /* UITableView+Extensions.swift in Sources */ = {isa = PBXBuildFile; fileRef = F383191D1C31A72D00C36ACB /* UITableView+Extensions.swift */; };
		F38319361C31A72D00C36ACB /* UIStoryboard+Extensions.swift in Sources */ = {isa = PBXBuildFile; fileRef = F383191E1C31A72D00C36ACB /* UIStoryboard+Extensions.swift */; };
		F38319371C31A72D00C36ACB /* UIColor+Extensions.swift in Sources */ = {isa = PBXBuildFile; fileRef = F383191F1C31A72D00C36ACB /* UIColor+Extensions.swift */; };
		F38319381C31A72D00C36ACB /* UIFont+Extensions.swift in Sources */ = {isa = PBXBuildFile; fileRef = F38319201C31A72D00C36ACB /* UIFont+Extensions.swift */; };
		F38319391C31A72D00C36ACB /* DataProvider.swift in Sources */ = {isa = PBXBuildFile; fileRef = F38319211C31A72D00C36ACB /* DataProvider.swift */; };
		F383193A1C31A72D00C36ACB /* FetchedResultsDataProvider.swift in Sources */ = {isa = PBXBuildFile; fileRef = F38319221C31A72D00C36ACB /* FetchedResultsDataProvider.swift */; };
		F383193B1C31A72D00C36ACB /* TableViewDataSource.swift in Sources */ = {isa = PBXBuildFile; fileRef = F38319231C31A72D00C36ACB /* TableViewDataSource.swift */; };
		F383193C1C31A72D00C36ACB /* TableViewDelegate.swift in Sources */ = {isa = PBXBuildFile; fileRef = F38319241C31A72D00C36ACB /* TableViewDelegate.swift */; };
		F38319491C31B3CB00C36ACB /* GoalieTableView.swift in Sources */ = {isa = PBXBuildFile; fileRef = F38319481C31B3CB00C36ACB /* GoalieTableView.swift */; };
		F38A0F5A1C42010A0034DCE4 /* TaskPriorityStateSnapshotter.swift in Sources */ = {isa = PBXBuildFile; fileRef = F38A0F591C42010A0034DCE4 /* TaskPriorityStateSnapshotter.swift */; };
		F38A0F5C1C42EBA40034DCE4 /* MenuTransitionManager.swift in Sources */ = {isa = PBXBuildFile; fileRef = F38A0F5B1C42EBA40034DCE4 /* MenuTransitionManager.swift */; };
		F38B55101C34DD810022453F /* SettingsViewController.swift in Sources */ = {isa = PBXBuildFile; fileRef = F38B550F1C34DD810022453F /* SettingsViewController.swift */; };
		F38B55121C34E0EA0022453F /* GoalieSettingsManager.swift in Sources */ = {isa = PBXBuildFile; fileRef = F38B55111C34E0EA0022453F /* GoalieSettingsManager.swift */; };
		F38B55151C3851190022453F /* NotoSans-Bold.ttf in Resources */ = {isa = PBXBuildFile; fileRef = F38B55131C3851190022453F /* NotoSans-Bold.ttf */; };
		F38B55161C3851190022453F /* NotoSans-Regular.ttf in Resources */ = {isa = PBXBuildFile; fileRef = F38B55141C3851190022453F /* NotoSans-Regular.ttf */; };
		F38B55181C3854A10022453F /* GoalieKerningLabel.swift in Sources */ = {isa = PBXBuildFile; fileRef = F38B55171C3854A10022453F /* GoalieKerningLabel.swift */; };
		F38B551A1C3859050022453F /* GoalieKerningButton.swift in Sources */ = {isa = PBXBuildFile; fileRef = F38B55191C3859050022453F /* GoalieKerningButton.swift */; };
		F38B551C1C3863000022453F /* TaskPriorityUpdater.swift in Sources */ = {isa = PBXBuildFile; fileRef = F38B551B1C3863000022453F /* TaskPriorityUpdater.swift */; };
		F38B551E1C388F510022453F /* NSDate+Extensions.swift in Sources */ = {isa = PBXBuildFile; fileRef = F38B551D1C388F510022453F /* NSDate+Extensions.swift */; };
		F38E2EA51C34863600945CA4 /* UIView+Extensions.swift in Sources */ = {isa = PBXBuildFile; fileRef = F38E2EA41C34863600945CA4 /* UIView+Extensions.swift */; };
		F3A81FFA1C4403120048237F /* OnboardingViewController.swift in Sources */ = {isa = PBXBuildFile; fileRef = F3A81FF91C4403120048237F /* OnboardingViewController.swift */; };
		F3A81FFF1C440B520048237F /* GoalieFaceLayer.swift in Sources */ = {isa = PBXBuildFile; fileRef = F3A81FFE1C440B520048237F /* GoalieFaceLayer.swift */; };
		F3A820011C441B490048237F /* GoalieFacePathProvider.swift in Sources */ = {isa = PBXBuildFile; fileRef = F3A820001C441B490048237F /* GoalieFacePathProvider.swift */; };
		F3B7F7301C44A26B00C364F0 /* Assets.xcassets in Resources */ = {isa = PBXBuildFile; fileRef = F3B7F72F1C44A26B00C364F0 /* Assets.xcassets */; };
		F3B7F7321C4583D900C364F0 /* GoalieMovementAnimator.swift in Sources */ = {isa = PBXBuildFile; fileRef = F3B7F7311C4583D900C364F0 /* GoalieMovementAnimator.swift */; };
		F3B7F7341C45F2D600C364F0 /* GoalieKerningHeaderLabel.swift in Sources */ = {isa = PBXBuildFile; fileRef = F3B7F7331C45F2D600C364F0 /* GoalieKerningHeaderLabel.swift */; };
		F3B7F74E1C460EB500C364F0 /* Kalimba.mp3 in Resources */ = {isa = PBXBuildFile; fileRef = F3B7F7471C460EB500C364F0 /* Kalimba.mp3 */; };
		F3B7F7531C460F2900C364F0 /* SFXPlayer.swift in Sources */ = {isa = PBXBuildFile; fileRef = F3B7F7521C460F2900C364F0 /* SFXPlayer.swift */; };
		F3B7F7551C4617F500C364F0 /* Delete.mp3 in Resources */ = {isa = PBXBuildFile; fileRef = F3B7F7541C4617F500C364F0 /* Delete.mp3 */; };
		F3B7F75A1C46EFBB00C364F0 /* CongratulationsViewController.swift in Sources */ = {isa = PBXBuildFile; fileRef = F3B7F7591C46EFBB00C364F0 /* CongratulationsViewController.swift */; };
		F3CEAC441C4061820047DD78 /* ViewTransformer.swift in Sources */ = {isa = PBXBuildFile; fileRef = F3CEAC431C4061820047DD78 /* ViewTransformer.swift */; };
		F3CEAC561C4061B10047DD78 /* JVFloatLabeledTextField.m in Sources */ = {isa = PBXBuildFile; fileRef = F3CEAC511C4061B10047DD78 /* JVFloatLabeledTextField.m */; };
		F3CEAC571C4061B10047DD78 /* JVFloatLabeledTextView.m in Sources */ = {isa = PBXBuildFile; fileRef = F3CEAC531C4061B10047DD78 /* JVFloatLabeledTextView.m */; };
		F3CEAC581C4061B10047DD78 /* NSString+TextDirectionality.m in Sources */ = {isa = PBXBuildFile; fileRef = F3CEAC551C4061B10047DD78 /* NSString+TextDirectionality.m */; };
		F3CEAC601C4061C70047DD78 /* TPKeyboardAvoidingScrollView.m in Sources */ = {isa = PBXBuildFile; fileRef = F3CEAC5B1C4061C70047DD78 /* TPKeyboardAvoidingScrollView.m */; };
		F3CEAC611C4061C70047DD78 /* TPKeyboardAvoidingTableView.m in Sources */ = {isa = PBXBuildFile; fileRef = F3CEAC5D1C4061C70047DD78 /* TPKeyboardAvoidingTableView.m */; };
		F3CEAC621C4061C70047DD78 /* UIScrollView+TPKeyboardAvoidingAdditions.m in Sources */ = {isa = PBXBuildFile; fileRef = F3CEAC5F1C4061C70047DD78 /* UIScrollView+TPKeyboardAvoidingAdditions.m */; };
		F3CEAC6E1C4063810047DD78 /* GoalieCharacterKit.swift in Sources */ = {isa = PBXBuildFile; fileRef = F3CEAC6A1C4063810047DD78 /* GoalieCharacterKit.swift */; };
		F3CEAC6F1C4063810047DD78 /* GoalieSpeechBubbleKit.swift in Sources */ = {isa = PBXBuildFile; fileRef = F3CEAC6B1C4063810047DD78 /* GoalieSpeechBubbleKit.swift */; };
		F3DB3E041C322DC40005C607 /* MainTasksViewController.swift in Sources */ = {isa = PBXBuildFile; fileRef = F3DB3E031C322DC40005C607 /* MainTasksViewController.swift */; };
		F3DB3E101C32682A0005C607 /* ProjectEnums.swift in Sources */ = {isa = PBXBuildFile; fileRef = F3DB3E0F1C32682A0005C607 /* ProjectEnums.swift */; };
		F3DB3E121C3306690005C607 /* EditTaskViewController.swift in Sources */ = {isa = PBXBuildFile; fileRef = F3DB3E111C3306690005C607 /* EditTaskViewController.swift */; };
		F3FB80981C320E65008C1E07 /* Task.xcdatamodeld in Sources */ = {isa = PBXBuildFile; fileRef = F3FB80961C320E65008C1E07 /* Task.xcdatamodeld */; };
		F3FB809A1C320E86008C1E07 /* Task.swift in Sources */ = {isa = PBXBuildFile; fileRef = F3FB80991C320E86008C1E07 /* Task.swift */; };
/* End PBXBuildFile section */

/* Begin PBXFileReference section */
		CE7F61F51C6AEAAF00C2C0A2 /* BizeeBeeFacePathProvider.swift */ = {isa = PBXFileReference; fileEncoding = 4; lastKnownFileType = sourcecode.swift; name = BizeeBeeFacePathProvider.swift; path = Goalie/BizeeBeeFacePathProvider.swift; sourceTree = "<group>"; };
		CE7F61FA1C6AEDC700C2C0A2 /* CharacterFaceLayer.swift */ = {isa = PBXFileReference; fileEncoding = 4; lastKnownFileType = sourcecode.swift; name = CharacterFaceLayer.swift; path = Goalie/CharacterFaceLayer.swift; sourceTree = "<group>"; };
		CE7F61FC1C6AEDE700C2C0A2 /* BizeeBeeFaceLayer.swift */ = {isa = PBXFileReference; fileEncoding = 4; lastKnownFileType = sourcecode.swift; name = BizeeBeeFaceLayer.swift; path = Goalie/BizeeBeeFaceLayer.swift; sourceTree = "<group>"; };
		CE7F61FE1C6AF2D800C2C0A2 /* CharacterFacePathProvider.swift */ = {isa = PBXFileReference; fileEncoding = 4; lastKnownFileType = sourcecode.swift; name = CharacterFacePathProvider.swift; path = Goalie/CharacterFacePathProvider.swift; sourceTree = "<group>"; };
		CEAA5A801C6ADEFA0061BFA8 /* BizeeBeeCharacterKit.swift */ = {isa = PBXFileReference; fileEncoding = 4; lastKnownFileType = sourcecode.swift; name = BizeeBeeCharacterKit.swift; path = PaintCode/BizeeBeeCharacterKit.swift; sourceTree = "<group>"; };
		CEAC1EB71C6BE2E600969E04 /* BusyBeeCompleted.mp3 */ = {isa = PBXFileReference; lastKnownFileType = audio.mp3; name = BusyBeeCompleted.mp3; path = Sounds/BusyBeeCompleted.mp3; sourceTree = "<group>"; };
		CEB15B971CA5F5EC002B8C66 /* FoxCharacterKit.swift */ = {isa = PBXFileReference; fileEncoding = 4; lastKnownFileType = sourcecode.swift; name = FoxCharacterKit.swift; path = PaintCode/FoxCharacterKit.swift; sourceTree = "<group>"; };
		CEB15B9A1CA5FB58002B8C66 /* FoxFaceLayer.swift */ = {isa = PBXFileReference; fileEncoding = 4; lastKnownFileType = sourcecode.swift; name = FoxFaceLayer.swift; path = Goalie/FoxFaceLayer.swift; sourceTree = "<group>"; };
		CEB15B9C1CA5FCA6002B8C66 /* FoxFacePathProvider.swift */ = {isa = PBXFileReference; fileEncoding = 4; lastKnownFileType = sourcecode.swift; name = FoxFacePathProvider.swift; path = Goalie/FoxFacePathProvider.swift; sourceTree = "<group>"; };
		CEB15B9E1CA6157C002B8C66 /* ChecklistorCharacterKit.swift */ = {isa = PBXFileReference; fileEncoding = 4; lastKnownFileType = sourcecode.swift; name = ChecklistorCharacterKit.swift; path = Goalie/ChecklistorCharacterKit.swift; sourceTree = "<group>"; };
		CEB5854B1C5300DB00A39746 /* LPRTableView.swift */ = {isa = PBXFileReference; fileEncoding = 4; lastKnownFileType = sourcecode.swift; name = LPRTableView.swift; path = Frameworks/LPRTableView.swift; sourceTree = "<group>"; };
		CEBB00F11CA61CB2005BB8DB /* ChecklistorFaceLayer.swift */ = {isa = PBXFileReference; fileEncoding = 4; lastKnownFileType = sourcecode.swift; name = ChecklistorFaceLayer.swift; path = Goalie/ChecklistorFaceLayer.swift; sourceTree = "<group>"; };
		CEBB00F31CA61CFE005BB8DB /* FaceLayerFactory.swift */ = {isa = PBXFileReference; fileEncoding = 4; lastKnownFileType = sourcecode.swift; name = FaceLayerFactory.swift; path = Goalie/FaceLayerFactory.swift; sourceTree = "<group>"; };
		CEBB00F51CA61F6E005BB8DB /* ChecklistorFacePathProvider.swift */ = {isa = PBXFileReference; fileEncoding = 4; lastKnownFileType = sourcecode.swift; name = ChecklistorFacePathProvider.swift; path = Goalie/ChecklistorFacePathProvider.swift; sourceTree = "<group>"; };
		CEBB00F71CA7BABC005BB8DB /* EditListViewController.swift */ = {isa = PBXFileReference; fileEncoding = 4; lastKnownFileType = sourcecode.swift; name = EditListViewController.swift; path = Goalie/EditListViewController.swift; sourceTree = "<group>"; };
		CEC1C84B1C5C90CB0074290A /* ChangePriorityRight.mp3 */ = {isa = PBXFileReference; lastKnownFileType = audio.mp3; name = ChangePriorityRight.mp3; path = Sounds/ChangePriorityRight.mp3; sourceTree = "<group>"; };
		CEE541001C6A7380008BEC7C /* AdSupport.framework */ = {isa = PBXFileReference; lastKnownFileType = wrapper.framework; name = AdSupport.framework; path = System/Library/Frameworks/AdSupport.framework; sourceTree = SDKROOT; };
		CEE541021C6A73AD008BEC7C /* Crashlytics.framework */ = {isa = PBXFileReference; lastKnownFileType = wrapper.framework; name = Crashlytics.framework; path = Frameworks/Crashlytics.framework; sourceTree = "<group>"; };
		CEE541031C6A73AD008BEC7C /* Fabric.framework */ = {isa = PBXFileReference; lastKnownFileType = wrapper.framework; name = Fabric.framework; path = Frameworks/Fabric.framework; sourceTree = "<group>"; };
		CEE541061C6A9DA5008BEC7C /* MKStoreKit.h */ = {isa = PBXFileReference; fileEncoding = 4; lastKnownFileType = sourcecode.c.h; name = MKStoreKit.h; path = Frameworks/MKStoreKit/MKStoreKit.h; sourceTree = "<group>"; };
		CEE541071C6A9DA5008BEC7C /* MKStoreKit.m */ = {isa = PBXFileReference; fileEncoding = 4; lastKnownFileType = sourcecode.c.objc; name = MKStoreKit.m; path = Frameworks/MKStoreKit/MKStoreKit.m; sourceTree = "<group>"; };
		CEE541081C6A9DA5008BEC7C /* MKStoreKitConfigs.plist */ = {isa = PBXFileReference; fileEncoding = 4; lastKnownFileType = text.plist.xml; name = MKStoreKitConfigs.plist; path = Frameworks/MKStoreKit/MKStoreKitConfigs.plist; sourceTree = "<group>"; };
		F322EB101C34C371001B8C44 /* TaskCellAppearanceUpdater.swift */ = {isa = PBXFileReference; fileEncoding = 4; lastKnownFileType = sourcecode.swift; name = TaskCellAppearanceUpdater.swift; path = Goalie/TaskCellAppearanceUpdater.swift; sourceTree = "<group>"; };
		F322EB121C34C9D4001B8C44 /* UIButton+Extensions.swift */ = {isa = PBXFileReference; fileEncoding = 4; lastKnownFileType = sourcecode.swift; name = "UIButton+Extensions.swift"; path = "Goalie/UIButton+Extensions.swift"; sourceTree = "<group>"; };
		F32489481C3F174300E3DABD /* GoalieSpeechBubble.swift */ = {isa = PBXFileReference; fileEncoding = 4; lastKnownFileType = sourcecode.swift; name = GoalieSpeechBubble.swift; path = Goalie/GoalieSpeechBubble.swift; sourceTree = "<group>"; };
		F324894C1C3F50EE00E3DABD /* SpeechBubbleTextProvider.swift */ = {isa = PBXFileReference; fileEncoding = 4; lastKnownFileType = sourcecode.swift; name = SpeechBubbleTextProvider.swift; path = Goalie/SpeechBubbleTextProvider.swift; sourceTree = "<group>"; };
		F324894E1C3F5DCF00E3DABD /* NSAttributedString+Extensions.swift */ = {isa = PBXFileReference; fileEncoding = 4; lastKnownFileType = sourcecode.swift; name = "NSAttributedString+Extensions.swift"; path = "Goalie/NSAttributedString+Extensions.swift"; sourceTree = "<group>"; };
		F342D1D41C473679006D758A /* OnboardingTransitionManager.swift */ = {isa = PBXFileReference; fileEncoding = 4; lastKnownFileType = sourcecode.swift; name = OnboardingTransitionManager.swift; path = Goalie/OnboardingTransitionManager.swift; sourceTree = "<group>"; };
		F350C7151C4806E200416F14 /* CharacterView.swift */ = {isa = PBXFileReference; fileEncoding = 4; lastKnownFileType = sourcecode.swift; name = CharacterView.swift; path = Goalie/CharacterView.swift; sourceTree = "<group>"; };
		F350C7181C481CD400416F14 /* GoalieCharacter.swift */ = {isa = PBXFileReference; fileEncoding = 4; lastKnownFileType = sourcecode.swift; name = GoalieCharacter.swift; path = Goalie/GoalieCharacter.swift; sourceTree = "<group>"; };
		F38318CD1C2F343600C36ACB /* Goalie.app */ = {isa = PBXFileReference; explicitFileType = wrapper.application; includeInIndex = 0; path = Goalie.app; sourceTree = BUILT_PRODUCTS_DIR; };
		F38318D01C2F343600C36ACB /* AppDelegate.swift */ = {isa = PBXFileReference; lastKnownFileType = sourcecode.swift; path = AppDelegate.swift; sourceTree = "<group>"; };
		F38318D51C2F343600C36ACB /* Base */ = {isa = PBXFileReference; lastKnownFileType = file.storyboard; name = Base; path = Base.lproj/Main.storyboard; sourceTree = "<group>"; };
		F38318DA1C2F343600C36ACB /* Base */ = {isa = PBXFileReference; lastKnownFileType = file.storyboard; name = Base; path = Base.lproj/LaunchScreen.storyboard; sourceTree = "<group>"; };
		F38318DC1C2F343600C36ACB /* Info.plist */ = {isa = PBXFileReference; lastKnownFileType = text.plist.xml; path = Info.plist; sourceTree = "<group>"; };
		F383190C1C319FE800C36ACB /* TasksTableViewCell.swift */ = {isa = PBXFileReference; fileEncoding = 4; lastKnownFileType = sourcecode.swift; name = TasksTableViewCell.swift; path = Goalie/TasksTableViewCell.swift; sourceTree = "<group>"; };
		F38319111C31A72D00C36ACB /* ManagedObject.swift */ = {isa = PBXFileReference; fileEncoding = 4; lastKnownFileType = sourcecode.swift; name = ManagedObject.swift; path = Goalie/ManagedObject.swift; sourceTree = "<group>"; };
		F38319121C31A72D00C36ACB /* CoreDataStack.swift */ = {isa = PBXFileReference; fileEncoding = 4; lastKnownFileType = sourcecode.swift; name = CoreDataStack.swift; path = Goalie/CoreDataStack.swift; sourceTree = "<group>"; };
		F38319131C31A72D00C36ACB /* DataRelatedProtocols.swift */ = {isa = PBXFileReference; fileEncoding = 4; lastKnownFileType = sourcecode.swift; name = DataRelatedProtocols.swift; path = Goalie/DataRelatedProtocols.swift; sourceTree = "<group>"; };
		F38319141C31A72D00C36ACB /* ManagedObjectObserver.swift */ = {isa = PBXFileReference; fileEncoding = 4; lastKnownFileType = sourcecode.swift; name = ManagedObjectObserver.swift; path = Goalie/ManagedObjectObserver.swift; sourceTree = "<group>"; };
		F38319151C31A72D00C36ACB /* DefaultTasksFetchRequestProvider.swift */ = {isa = PBXFileReference; fileEncoding = 4; lastKnownFileType = sourcecode.swift; name = DefaultTasksFetchRequestProvider.swift; path = Goalie/DefaultTasksFetchRequestProvider.swift; sourceTree = "<group>"; };
		F38319161C31A72D00C36ACB /* TasksDataProvider.swift */ = {isa = PBXFileReference; fileEncoding = 4; lastKnownFileType = sourcecode.swift; name = TasksDataProvider.swift; path = Goalie/TasksDataProvider.swift; sourceTree = "<group>"; };
		F38319171C31A72D00C36ACB /* Utilities.swift */ = {isa = PBXFileReference; fileEncoding = 4; lastKnownFileType = sourcecode.swift; name = Utilities.swift; path = Goalie/Utilities.swift; sourceTree = "<group>"; };
		F38319181C31A72D00C36ACB /* UIImage+Extensions.swift */ = {isa = PBXFileReference; fileEncoding = 4; lastKnownFileType = sourcecode.swift; name = "UIImage+Extensions.swift"; path = "Goalie/UIImage+Extensions.swift"; sourceTree = "<group>"; };
		F38319191C31A72D00C36ACB /* NSURL+Extensions.swift */ = {isa = PBXFileReference; fileEncoding = 4; lastKnownFileType = sourcecode.swift; name = "NSURL+Extensions.swift"; path = "Goalie/NSURL+Extensions.swift"; sourceTree = "<group>"; };
		F383191A1C31A72D00C36ACB /* UINavigationBar+Extensions.swift */ = {isa = PBXFileReference; fileEncoding = 4; lastKnownFileType = sourcecode.swift; name = "UINavigationBar+Extensions.swift"; path = "Goalie/UINavigationBar+Extensions.swift"; sourceTree = "<group>"; };
		F383191B1C31A72D00C36ACB /* NSManagedObjectContext+Extensions.swift */ = {isa = PBXFileReference; fileEncoding = 4; lastKnownFileType = sourcecode.swift; name = "NSManagedObjectContext+Extensions.swift"; path = "Goalie/NSManagedObjectContext+Extensions.swift"; sourceTree = "<group>"; };
		F383191C1C31A72D00C36ACB /* NSManagedObjectContext+Observers.swift */ = {isa = PBXFileReference; fileEncoding = 4; lastKnownFileType = sourcecode.swift; name = "NSManagedObjectContext+Observers.swift"; path = "Goalie/NSManagedObjectContext+Observers.swift"; sourceTree = "<group>"; };
		F383191D1C31A72D00C36ACB /* UITableView+Extensions.swift */ = {isa = PBXFileReference; fileEncoding = 4; lastKnownFileType = sourcecode.swift; name = "UITableView+Extensions.swift"; path = "Goalie/UITableView+Extensions.swift"; sourceTree = "<group>"; };
		F383191E1C31A72D00C36ACB /* UIStoryboard+Extensions.swift */ = {isa = PBXFileReference; fileEncoding = 4; lastKnownFileType = sourcecode.swift; name = "UIStoryboard+Extensions.swift"; path = "Goalie/UIStoryboard+Extensions.swift"; sourceTree = "<group>"; };
		F383191F1C31A72D00C36ACB /* UIColor+Extensions.swift */ = {isa = PBXFileReference; fileEncoding = 4; lastKnownFileType = sourcecode.swift; name = "UIColor+Extensions.swift"; path = "Goalie/UIColor+Extensions.swift"; sourceTree = "<group>"; };
		F38319201C31A72D00C36ACB /* UIFont+Extensions.swift */ = {isa = PBXFileReference; fileEncoding = 4; lastKnownFileType = sourcecode.swift; name = "UIFont+Extensions.swift"; path = "Goalie/UIFont+Extensions.swift"; sourceTree = "<group>"; };
		F38319211C31A72D00C36ACB /* DataProvider.swift */ = {isa = PBXFileReference; fileEncoding = 4; lastKnownFileType = sourcecode.swift; name = DataProvider.swift; path = Goalie/DataProvider.swift; sourceTree = "<group>"; };
		F38319221C31A72D00C36ACB /* FetchedResultsDataProvider.swift */ = {isa = PBXFileReference; fileEncoding = 4; lastKnownFileType = sourcecode.swift; name = FetchedResultsDataProvider.swift; path = Goalie/FetchedResultsDataProvider.swift; sourceTree = "<group>"; };
		F38319231C31A72D00C36ACB /* TableViewDataSource.swift */ = {isa = PBXFileReference; fileEncoding = 4; lastKnownFileType = sourcecode.swift; name = TableViewDataSource.swift; path = Goalie/TableViewDataSource.swift; sourceTree = "<group>"; };
		F38319241C31A72D00C36ACB /* TableViewDelegate.swift */ = {isa = PBXFileReference; fileEncoding = 4; lastKnownFileType = sourcecode.swift; name = TableViewDelegate.swift; path = Goalie/TableViewDelegate.swift; sourceTree = "<group>"; };
		F38319481C31B3CB00C36ACB /* GoalieTableView.swift */ = {isa = PBXFileReference; fileEncoding = 4; lastKnownFileType = sourcecode.swift; name = GoalieTableView.swift; path = Goalie/GoalieTableView.swift; sourceTree = "<group>"; };
		F38A0F591C42010A0034DCE4 /* TaskPriorityStateSnapshotter.swift */ = {isa = PBXFileReference; fileEncoding = 4; lastKnownFileType = sourcecode.swift; name = TaskPriorityStateSnapshotter.swift; path = Goalie/TaskPriorityStateSnapshotter.swift; sourceTree = "<group>"; };
		F38A0F5B1C42EBA40034DCE4 /* MenuTransitionManager.swift */ = {isa = PBXFileReference; fileEncoding = 4; lastKnownFileType = sourcecode.swift; name = MenuTransitionManager.swift; path = Goalie/MenuTransitionManager.swift; sourceTree = "<group>"; };
		F38B550F1C34DD810022453F /* SettingsViewController.swift */ = {isa = PBXFileReference; fileEncoding = 4; lastKnownFileType = sourcecode.swift; name = SettingsViewController.swift; path = Goalie/SettingsViewController.swift; sourceTree = "<group>"; };
		F38B55111C34E0EA0022453F /* GoalieSettingsManager.swift */ = {isa = PBXFileReference; fileEncoding = 4; lastKnownFileType = sourcecode.swift; name = GoalieSettingsManager.swift; path = Goalie/GoalieSettingsManager.swift; sourceTree = "<group>"; };
		F38B55131C3851190022453F /* NotoSans-Bold.ttf */ = {isa = PBXFileReference; lastKnownFileType = file; path = "NotoSans-Bold.ttf"; sourceTree = "<group>"; };
		F38B55141C3851190022453F /* NotoSans-Regular.ttf */ = {isa = PBXFileReference; lastKnownFileType = file; path = "NotoSans-Regular.ttf"; sourceTree = "<group>"; };
		F38B55171C3854A10022453F /* GoalieKerningLabel.swift */ = {isa = PBXFileReference; fileEncoding = 4; lastKnownFileType = sourcecode.swift; name = GoalieKerningLabel.swift; path = Goalie/GoalieKerningLabel.swift; sourceTree = "<group>"; };
		F38B55191C3859050022453F /* GoalieKerningButton.swift */ = {isa = PBXFileReference; fileEncoding = 4; lastKnownFileType = sourcecode.swift; name = GoalieKerningButton.swift; path = Goalie/GoalieKerningButton.swift; sourceTree = "<group>"; };
		F38B551B1C3863000022453F /* TaskPriorityUpdater.swift */ = {isa = PBXFileReference; fileEncoding = 4; lastKnownFileType = sourcecode.swift; name = TaskPriorityUpdater.swift; path = Goalie/TaskPriorityUpdater.swift; sourceTree = "<group>"; };
		F38B551D1C388F510022453F /* NSDate+Extensions.swift */ = {isa = PBXFileReference; fileEncoding = 4; lastKnownFileType = sourcecode.swift; name = "NSDate+Extensions.swift"; path = "Goalie/NSDate+Extensions.swift"; sourceTree = "<group>"; };
		F38E2EA41C34863600945CA4 /* UIView+Extensions.swift */ = {isa = PBXFileReference; fileEncoding = 4; lastKnownFileType = sourcecode.swift; name = "UIView+Extensions.swift"; path = "Goalie/UIView+Extensions.swift"; sourceTree = "<group>"; };
		F3A81FF91C4403120048237F /* OnboardingViewController.swift */ = {isa = PBXFileReference; fileEncoding = 4; lastKnownFileType = sourcecode.swift; name = OnboardingViewController.swift; path = Goalie/OnboardingViewController.swift; sourceTree = "<group>"; };
		F3A81FFE1C440B520048237F /* GoalieFaceLayer.swift */ = {isa = PBXFileReference; fileEncoding = 4; lastKnownFileType = sourcecode.swift; name = GoalieFaceLayer.swift; path = Goalie/GoalieFaceLayer.swift; sourceTree = "<group>"; };
		F3A820001C441B490048237F /* GoalieFacePathProvider.swift */ = {isa = PBXFileReference; fileEncoding = 4; lastKnownFileType = sourcecode.swift; name = GoalieFacePathProvider.swift; path = Goalie/GoalieFacePathProvider.swift; sourceTree = "<group>"; };
		F3B7F72F1C44A26B00C364F0 /* Assets.xcassets */ = {isa = PBXFileReference; lastKnownFileType = folder.assetcatalog; path = Assets.xcassets; sourceTree = "<group>"; };
		F3B7F7311C4583D900C364F0 /* GoalieMovementAnimator.swift */ = {isa = PBXFileReference; fileEncoding = 4; lastKnownFileType = sourcecode.swift; name = GoalieMovementAnimator.swift; path = Goalie/GoalieMovementAnimator.swift; sourceTree = "<group>"; };
		F3B7F7331C45F2D600C364F0 /* GoalieKerningHeaderLabel.swift */ = {isa = PBXFileReference; fileEncoding = 4; lastKnownFileType = sourcecode.swift; name = GoalieKerningHeaderLabel.swift; path = Goalie/GoalieKerningHeaderLabel.swift; sourceTree = "<group>"; };
		F3B7F7471C460EB500C364F0 /* Kalimba.mp3 */ = {isa = PBXFileReference; lastKnownFileType = audio.mp3; name = Kalimba.mp3; path = Sounds/Kalimba.mp3; sourceTree = "<group>"; };
		F3B7F7521C460F2900C364F0 /* SFXPlayer.swift */ = {isa = PBXFileReference; fileEncoding = 4; lastKnownFileType = sourcecode.swift; name = SFXPlayer.swift; path = Goalie/SFXPlayer.swift; sourceTree = "<group>"; };
		F3B7F7541C4617F500C364F0 /* Delete.mp3 */ = {isa = PBXFileReference; lastKnownFileType = audio.mp3; name = Delete.mp3; path = Sounds/Delete.mp3; sourceTree = "<group>"; };
		F3B7F7591C46EFBB00C364F0 /* CongratulationsViewController.swift */ = {isa = PBXFileReference; fileEncoding = 4; lastKnownFileType = sourcecode.swift; name = CongratulationsViewController.swift; path = Goalie/CongratulationsViewController.swift; sourceTree = "<group>"; };
		F3CEAC431C4061820047DD78 /* ViewTransformer.swift */ = {isa = PBXFileReference; fileEncoding = 4; lastKnownFileType = sourcecode.swift; name = ViewTransformer.swift; path = Goalie/ViewTransformer.swift; sourceTree = "<group>"; };
		F3CEAC501C4061B10047DD78 /* JVFloatLabeledTextField.h */ = {isa = PBXFileReference; fileEncoding = 4; lastKnownFileType = sourcecode.c.h; path = JVFloatLabeledTextField.h; sourceTree = "<group>"; };
		F3CEAC511C4061B10047DD78 /* JVFloatLabeledTextField.m */ = {isa = PBXFileReference; fileEncoding = 4; lastKnownFileType = sourcecode.c.objc; path = JVFloatLabeledTextField.m; sourceTree = "<group>"; };
		F3CEAC521C4061B10047DD78 /* JVFloatLabeledTextView.h */ = {isa = PBXFileReference; fileEncoding = 4; lastKnownFileType = sourcecode.c.h; path = JVFloatLabeledTextView.h; sourceTree = "<group>"; };
		F3CEAC531C4061B10047DD78 /* JVFloatLabeledTextView.m */ = {isa = PBXFileReference; fileEncoding = 4; lastKnownFileType = sourcecode.c.objc; path = JVFloatLabeledTextView.m; sourceTree = "<group>"; };
		F3CEAC541C4061B10047DD78 /* NSString+TextDirectionality.h */ = {isa = PBXFileReference; fileEncoding = 4; lastKnownFileType = sourcecode.c.h; path = "NSString+TextDirectionality.h"; sourceTree = "<group>"; };
		F3CEAC551C4061B10047DD78 /* NSString+TextDirectionality.m */ = {isa = PBXFileReference; fileEncoding = 4; lastKnownFileType = sourcecode.c.objc; path = "NSString+TextDirectionality.m"; sourceTree = "<group>"; };
		F3CEAC5A1C4061C70047DD78 /* TPKeyboardAvoidingScrollView.h */ = {isa = PBXFileReference; fileEncoding = 4; lastKnownFileType = sourcecode.c.h; path = TPKeyboardAvoidingScrollView.h; sourceTree = "<group>"; };
		F3CEAC5B1C4061C70047DD78 /* TPKeyboardAvoidingScrollView.m */ = {isa = PBXFileReference; fileEncoding = 4; lastKnownFileType = sourcecode.c.objc; path = TPKeyboardAvoidingScrollView.m; sourceTree = "<group>"; };
		F3CEAC5C1C4061C70047DD78 /* TPKeyboardAvoidingTableView.h */ = {isa = PBXFileReference; fileEncoding = 4; lastKnownFileType = sourcecode.c.h; path = TPKeyboardAvoidingTableView.h; sourceTree = "<group>"; };
		F3CEAC5D1C4061C70047DD78 /* TPKeyboardAvoidingTableView.m */ = {isa = PBXFileReference; fileEncoding = 4; lastKnownFileType = sourcecode.c.objc; path = TPKeyboardAvoidingTableView.m; sourceTree = "<group>"; };
		F3CEAC5E1C4061C70047DD78 /* UIScrollView+TPKeyboardAvoidingAdditions.h */ = {isa = PBXFileReference; fileEncoding = 4; lastKnownFileType = sourcecode.c.h; path = "UIScrollView+TPKeyboardAvoidingAdditions.h"; sourceTree = "<group>"; };
		F3CEAC5F1C4061C70047DD78 /* UIScrollView+TPKeyboardAvoidingAdditions.m */ = {isa = PBXFileReference; fileEncoding = 4; lastKnownFileType = sourcecode.c.objc; path = "UIScrollView+TPKeyboardAvoidingAdditions.m"; sourceTree = "<group>"; };
		F3CEAC671C40631B0047DD78 /* Goalie-Bridging-Header.h */ = {isa = PBXFileReference; lastKnownFileType = sourcecode.c.h; path = "Goalie-Bridging-Header.h"; sourceTree = "<group>"; };
		F3CEAC6A1C4063810047DD78 /* GoalieCharacterKit.swift */ = {isa = PBXFileReference; fileEncoding = 4; lastKnownFileType = sourcecode.swift; name = GoalieCharacterKit.swift; path = PaintCode/GoalieCharacterKit.swift; sourceTree = "<group>"; };
		F3CEAC6B1C4063810047DD78 /* GoalieSpeechBubbleKit.swift */ = {isa = PBXFileReference; fileEncoding = 4; lastKnownFileType = sourcecode.swift; name = GoalieSpeechBubbleKit.swift; path = PaintCode/GoalieSpeechBubbleKit.swift; sourceTree = "<group>"; };
		F3DB3E031C322DC40005C607 /* MainTasksViewController.swift */ = {isa = PBXFileReference; fileEncoding = 4; lastKnownFileType = sourcecode.swift; name = MainTasksViewController.swift; path = Goalie/MainTasksViewController.swift; sourceTree = "<group>"; };
		F3DB3E0F1C32682A0005C607 /* ProjectEnums.swift */ = {isa = PBXFileReference; fileEncoding = 4; lastKnownFileType = sourcecode.swift; name = ProjectEnums.swift; path = Goalie/ProjectEnums.swift; sourceTree = "<group>"; };
		F3DB3E111C3306690005C607 /* EditTaskViewController.swift */ = {isa = PBXFileReference; fileEncoding = 4; lastKnownFileType = sourcecode.swift; name = EditTaskViewController.swift; path = Goalie/EditTaskViewController.swift; sourceTree = "<group>"; };
		F3FB80971C320E65008C1E07 /* Task.xcdatamodel */ = {isa = PBXFileReference; lastKnownFileType = wrapper.xcdatamodel; path = Task.xcdatamodel; sourceTree = "<group>"; };
		F3FB80991C320E86008C1E07 /* Task.swift */ = {isa = PBXFileReference; fileEncoding = 4; lastKnownFileType = sourcecode.swift; name = Task.swift; path = Goalie/Task.swift; sourceTree = "<group>"; };
/* End PBXFileReference section */

/* Begin PBXFrameworksBuildPhase section */
		F38318CA1C2F343600C36ACB /* Frameworks */ = {
			isa = PBXFrameworksBuildPhase;
			buildActionMask = 2147483647;
			files = (
				CEE541041C6A73AD008BEC7C /* Crashlytics.framework in Frameworks */,
				CEE541011C6A7380008BEC7C /* AdSupport.framework in Frameworks */,
				CEE541051C6A73AD008BEC7C /* Fabric.framework in Frameworks */,
			);
			runOnlyForDeploymentPostprocessing = 0;
		};
/* End PBXFrameworksBuildPhase section */

/* Begin PBXGroup section */
		CE7F61F71C6AED9000C2C0A2 /* Goalie */ = {
			isa = PBXGroup;
			children = (
				F3A820001C441B490048237F /* GoalieFacePathProvider.swift */,
				F3CEAC6A1C4063810047DD78 /* GoalieCharacterKit.swift */,
				F3A81FFE1C440B520048237F /* GoalieFaceLayer.swift */,
			);
			name = Goalie;
			sourceTree = "<group>";
		};
		CE7F61F81C6AED9400C2C0A2 /* BizeeBee */ = {
			isa = PBXGroup;
			children = (
				CEAA5A801C6ADEFA0061BFA8 /* BizeeBeeCharacterKit.swift */,
				CE7F61F51C6AEAAF00C2C0A2 /* BizeeBeeFacePathProvider.swift */,
				CE7F61FC1C6AEDE700C2C0A2 /* BizeeBeeFaceLayer.swift */,
			);
			name = BizeeBee;
			sourceTree = "<group>";
		};
		CE7F61F91C6AEDA500C2C0A2 /* Base */ = {
			isa = PBXGroup;
			children = (
				CE7F61FA1C6AEDC700C2C0A2 /* CharacterFaceLayer.swift */,
				CE7F61FE1C6AF2D800C2C0A2 /* CharacterFacePathProvider.swift */,
			);
			name = Base;
			sourceTree = "<group>";
		};
		CEB15B991CA5F630002B8C66 /* Fox */ = {
			isa = PBXGroup;
			children = (
				CEB15B971CA5F5EC002B8C66 /* FoxCharacterKit.swift */,
				CEB15B9A1CA5FB58002B8C66 /* FoxFaceLayer.swift */,
				CEB15B9C1CA5FCA6002B8C66 /* FoxFacePathProvider.swift */,
			);
			name = Fox;
			sourceTree = "<group>";
		};
		CEB15BA01CA615AE002B8C66 /* Checklistor */ = {
			isa = PBXGroup;
			children = (
				CEB15B9E1CA6157C002B8C66 /* ChecklistorCharacterKit.swift */,
				CEBB00F11CA61CB2005BB8DB /* ChecklistorFaceLayer.swift */,
				CEBB00F51CA61F6E005BB8DB /* ChecklistorFacePathProvider.swift */,
			);
			name = Checklistor;
			sourceTree = "<group>";
		};
		CEE5410B1C6A9DAA008BEC7C /* MKStoreKit */ = {
			isa = PBXGroup;
			children = (
				CEE541061C6A9DA5008BEC7C /* MKStoreKit.h */,
				CEE541071C6A9DA5008BEC7C /* MKStoreKit.m */,
				CEE541081C6A9DA5008BEC7C /* MKStoreKitConfigs.plist */,
			);
			name = MKStoreKit;
			sourceTree = "<group>";
		};
		F32C2A531C3B9E8C002ACA53 /* Storyboards */ = {
			isa = PBXGroup;
			children = (
				F38318D91C2F343600C36ACB /* LaunchScreen.storyboard */,
				F38318D41C2F343600C36ACB /* Main.storyboard */,
			);
			name = Storyboards;
			sourceTree = "<group>";
		};
		F32C2A541C3B9EA1002ACA53 /* Managers and Updaters */ = {
			isa = PBXGroup;
			children = (
				F322EB101C34C371001B8C44 /* TaskCellAppearanceUpdater.swift */,
				F38B55111C34E0EA0022453F /* GoalieSettingsManager.swift */,
				F38B551B1C3863000022453F /* TaskPriorityUpdater.swift */,
				F38A0F591C42010A0034DCE4 /* TaskPriorityStateSnapshotter.swift */,
				F38A0F5B1C42EBA40034DCE4 /* MenuTransitionManager.swift */,
				F342D1D41C473679006D758A /* OnboardingTransitionManager.swift */,
			);
			name = "Managers and Updaters";
			sourceTree = "<group>";
		};
		F32C2A571C3C8D55002ACA53 /* Speech Bubble */ = {
			isa = PBXGroup;
			children = (
				F32489481C3F174300E3DABD /* GoalieSpeechBubble.swift */,
				F3CEAC6B1C4063810047DD78 /* GoalieSpeechBubbleKit.swift */,
				F324894C1C3F50EE00E3DABD /* SpeechBubbleTextProvider.swift */,
			);
			name = "Speech Bubble";
			sourceTree = "<group>";
		};
		F350C7171C48109A00416F14 /* Character Drawing */ = {
			isa = PBXGroup;
			children = (
				F350C7151C4806E200416F14 /* CharacterView.swift */,
				F350C7181C481CD400416F14 /* GoalieCharacter.swift */,
				CE7F61F91C6AEDA500C2C0A2 /* Base */,
				CE7F61F81C6AED9400C2C0A2 /* BizeeBee */,
				CE7F61F71C6AED9000C2C0A2 /* Goalie */,
				CEB15B991CA5F630002B8C66 /* Fox */,
				CEB15BA01CA615AE002B8C66 /* Checklistor */,
				CEBB00F31CA61CFE005BB8DB /* FaceLayerFactory.swift */,
			);
			name = "Character Drawing";
			sourceTree = "<group>";
		};
		F38318C41C2F343600C36ACB = {
			isa = PBXGroup;
			children = (
				F350C7171C48109A00416F14 /* Character Drawing */,
				F383193F1C31A74900C36ACB /* Core Data */,
				F38319471C31AB4100C36ACB /* Custom UI */,
				F38319421C31A9C000C36ACB /* Enums */,
				F38319401C31A76400C36ACB /* Extensions */,
				F383190E1C31A58A00C36ACB /* External Frameworks */,
				F38319411C31A77E00C36ACB /* Generic Delegate/DataSource */,
				F32C2A541C3B9EA1002ACA53 /* Managers and Updaters */,
				F38318CF1C2F343600C36ACB /* Other */,
				F38318CE1C2F343600C36ACB /* Products */,
				F3B7F7351C460E8B00C364F0 /* SFX */,
				F32C2A571C3C8D55002ACA53 /* Speech Bubble */,
				F32C2A531C3B9E8C002ACA53 /* Storyboards */,
				F38319451C31AB2700C36ACB /* View Controllers */,
			);
			sourceTree = "<group>";
		};
		F38318CE1C2F343600C36ACB /* Products */ = {
			isa = PBXGroup;
			children = (
				F38318CD1C2F343600C36ACB /* Goalie.app */,
			);
			name = Products;
			sourceTree = "<group>";
		};
		F38318CF1C2F343600C36ACB /* Other */ = {
			isa = PBXGroup;
			children = (
				F3B7F72F1C44A26B00C364F0 /* Assets.xcassets */,
				F38318D01C2F343600C36ACB /* AppDelegate.swift */,
				F3CEAC671C40631B0047DD78 /* Goalie-Bridging-Header.h */,
				F38318DC1C2F343600C36ACB /* Info.plist */,
				F38B55131C3851190022453F /* NotoSans-Bold.ttf */,
				F38B55141C3851190022453F /* NotoSans-Regular.ttf */,
			);
			name = Other;
			path = Goalie;
			sourceTree = "<group>";
		};
		F383190E1C31A58A00C36ACB /* External Frameworks */ = {
			isa = PBXGroup;
			children = (
				CEE5410B1C6A9DAA008BEC7C /* MKStoreKit */,
				CEE541021C6A73AD008BEC7C /* Crashlytics.framework */,
				CEE541031C6A73AD008BEC7C /* Fabric.framework */,
				CEE541001C6A7380008BEC7C /* AdSupport.framework */,
				F3CEAC591C4061C70047DD78 /* TPKeyboardAvoiding */,
				F3CEAC4F1C4061B10047DD78 /* JVFloatingLabel */,
			);
			name = "External Frameworks";
			sourceTree = "<group>";
		};
		F383193F1C31A74900C36ACB /* Core Data */ = {
			isa = PBXGroup;
			children = (
				F38319111C31A72D00C36ACB /* ManagedObject.swift */,
				F38319121C31A72D00C36ACB /* CoreDataStack.swift */,
				F38319131C31A72D00C36ACB /* DataRelatedProtocols.swift */,
				F38319141C31A72D00C36ACB /* ManagedObjectObserver.swift */,
				F38319151C31A72D00C36ACB /* DefaultTasksFetchRequestProvider.swift */,
				F38319161C31A72D00C36ACB /* TasksDataProvider.swift */,
				F3FB80961C320E65008C1E07 /* Task.xcdatamodeld */,
				F3FB80991C320E86008C1E07 /* Task.swift */,
			);
			name = "Core Data";
			sourceTree = "<group>";
		};
		F38319401C31A76400C36ACB /* Extensions */ = {
			isa = PBXGroup;
			children = (
				F322EB121C34C9D4001B8C44 /* UIButton+Extensions.swift */,
				F38319171C31A72D00C36ACB /* Utilities.swift */,
				F38319181C31A72D00C36ACB /* UIImage+Extensions.swift */,
				F38319191C31A72D00C36ACB /* NSURL+Extensions.swift */,
				F383191A1C31A72D00C36ACB /* UINavigationBar+Extensions.swift */,
				F383191B1C31A72D00C36ACB /* NSManagedObjectContext+Extensions.swift */,
				F383191C1C31A72D00C36ACB /* NSManagedObjectContext+Observers.swift */,
				F383191D1C31A72D00C36ACB /* UITableView+Extensions.swift */,
				F383191E1C31A72D00C36ACB /* UIStoryboard+Extensions.swift */,
				F383191F1C31A72D00C36ACB /* UIColor+Extensions.swift */,
				F38319201C31A72D00C36ACB /* UIFont+Extensions.swift */,
				F38E2EA41C34863600945CA4 /* UIView+Extensions.swift */,
				F38B551D1C388F510022453F /* NSDate+Extensions.swift */,
				F324894E1C3F5DCF00E3DABD /* NSAttributedString+Extensions.swift */,
			);
			name = Extensions;
			sourceTree = "<group>";
		};
		F38319411C31A77E00C36ACB /* Generic Delegate/DataSource */ = {
			isa = PBXGroup;
			children = (
				F38319211C31A72D00C36ACB /* DataProvider.swift */,
				F38319221C31A72D00C36ACB /* FetchedResultsDataProvider.swift */,
				F38319231C31A72D00C36ACB /* TableViewDataSource.swift */,
				F38319241C31A72D00C36ACB /* TableViewDelegate.swift */,
			);
			name = "Generic Delegate/DataSource";
			sourceTree = "<group>";
		};
		F38319421C31A9C000C36ACB /* Enums */ = {
			isa = PBXGroup;
			children = (
				F3DB3E0F1C32682A0005C607 /* ProjectEnums.swift */,
			);
			name = Enums;
			sourceTree = "<group>";
		};
		F38319451C31AB2700C36ACB /* View Controllers */ = {
			isa = PBXGroup;
			children = (
				F3DB3E031C322DC40005C607 /* MainTasksViewController.swift */,
				F3DB3E111C3306690005C607 /* EditTaskViewController.swift */,
				F38B550F1C34DD810022453F /* SettingsViewController.swift */,
				F3A81FF91C4403120048237F /* OnboardingViewController.swift */,
				F3B7F7591C46EFBB00C364F0 /* CongratulationsViewController.swift */,
				CEBB00F71CA7BABC005BB8DB /* EditListViewController.swift */,
			);
			name = "View Controllers";
			sourceTree = "<group>";
		};
		F38319471C31AB4100C36ACB /* Custom UI */ = {
			isa = PBXGroup;
			children = (
				CEB5854B1C5300DB00A39746 /* LPRTableView.swift */,
				F3B7F7311C4583D900C364F0 /* GoalieMovementAnimator.swift */,
				F3CEAC431C4061820047DD78 /* ViewTransformer.swift */,
				F38B55191C3859050022453F /* GoalieKerningButton.swift */,
				F38B55171C3854A10022453F /* GoalieKerningLabel.swift */,
				F38319481C31B3CB00C36ACB /* GoalieTableView.swift */,
				F383190C1C319FE800C36ACB /* TasksTableViewCell.swift */,
				F3B7F7331C45F2D600C364F0 /* GoalieKerningHeaderLabel.swift */,
			);
			name = "Custom UI";
			sourceTree = "<group>";
		};
		F3B7F7351C460E8B00C364F0 /* SFX */ = {
			isa = PBXGroup;
			children = (
				CEAC1EB71C6BE2E600969E04 /* BusyBeeCompleted.mp3 */,
				CEC1C84B1C5C90CB0074290A /* ChangePriorityRight.mp3 */,
				F3B7F7541C4617F500C364F0 /* Delete.mp3 */,
				F3B7F7471C460EB500C364F0 /* Kalimba.mp3 */,
				F3B7F7521C460F2900C364F0 /* SFXPlayer.swift */,
			);
			name = SFX;
			sourceTree = "<group>";
		};
		F3CEAC4F1C4061B10047DD78 /* JVFloatingLabel */ = {
			isa = PBXGroup;
			children = (
				F3CEAC501C4061B10047DD78 /* JVFloatLabeledTextField.h */,
				F3CEAC511C4061B10047DD78 /* JVFloatLabeledTextField.m */,
				F3CEAC521C4061B10047DD78 /* JVFloatLabeledTextView.h */,
				F3CEAC531C4061B10047DD78 /* JVFloatLabeledTextView.m */,
				F3CEAC541C4061B10047DD78 /* NSString+TextDirectionality.h */,
				F3CEAC551C4061B10047DD78 /* NSString+TextDirectionality.m */,
			);
			name = JVFloatingLabel;
			path = Frameworks/JVFloatingLabel;
			sourceTree = "<group>";
		};
		F3CEAC591C4061C70047DD78 /* TPKeyboardAvoiding */ = {
			isa = PBXGroup;
			children = (
				F3CEAC5A1C4061C70047DD78 /* TPKeyboardAvoidingScrollView.h */,
				F3CEAC5B1C4061C70047DD78 /* TPKeyboardAvoidingScrollView.m */,
				F3CEAC5C1C4061C70047DD78 /* TPKeyboardAvoidingTableView.h */,
				F3CEAC5D1C4061C70047DD78 /* TPKeyboardAvoidingTableView.m */,
				F3CEAC5E1C4061C70047DD78 /* UIScrollView+TPKeyboardAvoidingAdditions.h */,
				F3CEAC5F1C4061C70047DD78 /* UIScrollView+TPKeyboardAvoidingAdditions.m */,
			);
			name = TPKeyboardAvoiding;
			path = Frameworks/TPKeyboardAvoiding;
			sourceTree = "<group>";
		};
/* End PBXGroup section */

/* Begin PBXNativeTarget section */
		F38318CC1C2F343600C36ACB /* Goalie */ = {
			isa = PBXNativeTarget;
			buildConfigurationList = F38318DF1C2F343600C36ACB /* Build configuration list for PBXNativeTarget "Goalie" */;
			buildPhases = (
				F38318C91C2F343600C36ACB /* Sources */,
				F38318CA1C2F343600C36ACB /* Frameworks */,
				F38318CB1C2F343600C36ACB /* Resources */,
				CEC1C8421C5C8B210074290A /* ShellScript */,
			);
			buildRules = (
			);
			dependencies = (
			);
			name = Goalie;
			productName = Goalie;
			productReference = F38318CD1C2F343600C36ACB /* Goalie.app */;
			productType = "com.apple.product-type.application";
		};
/* End PBXNativeTarget section */

/* Begin PBXProject section */
		F38318C51C2F343600C36ACB /* Project object */ = {
			isa = PBXProject;
			attributes = {
				LastSwiftUpdateCheck = 0720;
				LastUpgradeCheck = 0720;
				ORGANIZATIONNAME = Incipia;
				TargetAttributes = {
					F38318CC1C2F343600C36ACB = {
						CreatedOnToolsVersion = 7.2;
						DevelopmentTeam = 49BYD5B64K;
					};
				};
			};
			buildConfigurationList = F38318C81C2F343600C36ACB /* Build configuration list for PBXProject "Goalie" */;
			compatibilityVersion = "Xcode 3.2";
			developmentRegion = English;
			hasScannedForEncodings = 0;
			knownRegions = (
				en,
				Base,
			);
			mainGroup = F38318C41C2F343600C36ACB;
			productRefGroup = F38318CE1C2F343600C36ACB /* Products */;
			projectDirPath = "";
			projectRoot = "";
			targets = (
				F38318CC1C2F343600C36ACB /* Goalie */,
			);
		};
/* End PBXProject section */

/* Begin PBXResourcesBuildPhase section */
		F38318CB1C2F343600C36ACB /* Resources */ = {
			isa = PBXResourcesBuildPhase;
			buildActionMask = 2147483647;
			files = (
				CEE5410A1C6A9DA5008BEC7C /* MKStoreKitConfigs.plist in Resources */,
				F38B55151C3851190022453F /* NotoSans-Bold.ttf in Resources */,
				CEC1C84C1C5C90CB0074290A /* ChangePriorityRight.mp3 in Resources */,
				F38318DB1C2F343600C36ACB /* LaunchScreen.storyboard in Resources */,
				F38B55161C3851190022453F /* NotoSans-Regular.ttf in Resources */,
				F38318D61C2F343600C36ACB /* Main.storyboard in Resources */,
				F3B7F7551C4617F500C364F0 /* Delete.mp3 in Resources */,
				F3B7F74E1C460EB500C364F0 /* Kalimba.mp3 in Resources */,
				CEAC1EB81C6BE2E600969E04 /* BusyBeeCompleted.mp3 in Resources */,
				F3B7F7301C44A26B00C364F0 /* Assets.xcassets in Resources */,
			);
			runOnlyForDeploymentPostprocessing = 0;
		};
/* End PBXResourcesBuildPhase section */

/* Begin PBXShellScriptBuildPhase section */
		CEC1C8421C5C8B210074290A /* ShellScript */ = {
			isa = PBXShellScriptBuildPhase;
			buildActionMask = 2147483647;
			files = (
			);
			inputPaths = (
			);
			outputPaths = (
			);
			runOnlyForDeploymentPostprocessing = 0;
			shellPath = /bin/sh;
			shellScript = "./Frameworks/Fabric.framework/run f8adb97359f3be505eb37f857a45751f47fd970d 407866616ca285468c6460521feef426e433f90b9fb69faf01009c146bb9da62";
		};
/* End PBXShellScriptBuildPhase section */

/* Begin PBXSourcesBuildPhase section */
		F38318C91C2F343600C36ACB /* Sources */ = {
			isa = PBXSourcesBuildPhase;
			buildActionMask = 2147483647;
			files = (
				F3FB809A1C320E86008C1E07 /* Task.swift in Sources */,
				F3CEAC611C4061C70047DD78 /* TPKeyboardAvoidingTableView.m in Sources */,
				F3FB80981C320E65008C1E07 /* Task.xcdatamodeld in Sources */,
				F3CEAC441C4061820047DD78 /* ViewTransformer.swift in Sources */,
				F38B55121C34E0EA0022453F /* GoalieSettingsManager.swift in Sources */,
				F342D1D51C473679006D758A /* OnboardingTransitionManager.swift in Sources */,
				F383193C1C31A72D00C36ACB /* TableViewDelegate.swift in Sources */,
				F383192A1C31A72D00C36ACB /* CoreDataStack.swift in Sources */,
				F383190D1C319FE800C36ACB /* TasksTableViewCell.swift in Sources */,
				F38B55101C34DD810022453F /* SettingsViewController.swift in Sources */,
				F38319311C31A72D00C36ACB /* NSURL+Extensions.swift in Sources */,
				F3A820011C441B490048237F /* GoalieFacePathProvider.swift in Sources */,
				F38319291C31A72D00C36ACB /* ManagedObject.swift in Sources */,
				F38E2EA51C34863600945CA4 /* UIView+Extensions.swift in Sources */,
				F383192D1C31A72D00C36ACB /* DefaultTasksFetchRequestProvider.swift in Sources */,
				F38318D11C2F343600C36ACB /* AppDelegate.swift in Sources */,
				F324894F1C3F5DCF00E3DABD /* NSAttributedString+Extensions.swift in Sources */,
				F350C7191C481CD400416F14 /* GoalieCharacter.swift in Sources */,
				F38319331C31A72D00C36ACB /* NSManagedObjectContext+Extensions.swift in Sources */,
				CEE541091C6A9DA5008BEC7C /* MKStoreKit.m in Sources */,
				F3B7F75A1C46EFBB00C364F0 /* CongratulationsViewController.swift in Sources */,
				F3B7F7531C460F2900C364F0 /* SFXPlayer.swift in Sources */,
				F383192F1C31A72D00C36ACB /* Utilities.swift in Sources */,
				F3B7F7341C45F2D600C364F0 /* GoalieKerningHeaderLabel.swift in Sources */,
				CEB15B9F1CA6157C002B8C66 /* ChecklistorCharacterKit.swift in Sources */,
				CEB5854C1C5300DB00A39746 /* LPRTableView.swift in Sources */,
				F38319351C31A72D00C36ACB /* UITableView+Extensions.swift in Sources */,
				F32489491C3F174300E3DABD /* GoalieSpeechBubble.swift in Sources */,
				F3CEAC581C4061B10047DD78 /* NSString+TextDirectionality.m in Sources */,
				F3CEAC571C4061B10047DD78 /* JVFloatLabeledTextView.m in Sources */,
				F322EB131C34C9D4001B8C44 /* UIButton+Extensions.swift in Sources */,
				CE7F61FB1C6AEDC700C2C0A2 /* CharacterFaceLayer.swift in Sources */,
				CEBB00F61CA61F6E005BB8DB /* ChecklistorFacePathProvider.swift in Sources */,
				F3DB3E041C322DC40005C607 /* MainTasksViewController.swift in Sources */,
				F38A0F5C1C42EBA40034DCE4 /* MenuTransitionManager.swift in Sources */,
				F383192C1C31A72D00C36ACB /* ManagedObjectObserver.swift in Sources */,
				F38319371C31A72D00C36ACB /* UIColor+Extensions.swift in Sources */,
				F383192B1C31A72D00C36ACB /* DataRelatedProtocols.swift in Sources */,
				CE7F61F61C6AEAAF00C2C0A2 /* BizeeBeeFacePathProvider.swift in Sources */,
				F38319381C31A72D00C36ACB /* UIFont+Extensions.swift in Sources */,
				F324894D1C3F50EE00E3DABD /* SpeechBubbleTextProvider.swift in Sources */,
				CEAA5A811C6ADEFA0061BFA8 /* BizeeBeeCharacterKit.swift in Sources */,
				F3CEAC561C4061B10047DD78 /* JVFloatLabeledTextField.m in Sources */,
				F38319491C31B3CB00C36ACB /* GoalieTableView.swift in Sources */,
				CEBB00F81CA7BABC005BB8DB /* EditListViewController.swift in Sources */,
				F38319321C31A72D00C36ACB /* UINavigationBar+Extensions.swift in Sources */,
				F3DB3E101C32682A0005C607 /* ProjectEnums.swift in Sources */,
				F38319391C31A72D00C36ACB /* DataProvider.swift in Sources */,
				F38319341C31A72D00C36ACB /* NSManagedObjectContext+Observers.swift in Sources */,
				F3A81FFF1C440B520048237F /* GoalieFaceLayer.swift in Sources */,
				F38B551E1C388F510022453F /* NSDate+Extensions.swift in Sources */,
				F3CEAC601C4061C70047DD78 /* TPKeyboardAvoidingScrollView.m in Sources */,
				F3CEAC621C4061C70047DD78 /* UIScrollView+TPKeyboardAvoidingAdditions.m in Sources */,
				F322EB111C34C371001B8C44 /* TaskCellAppearanceUpdater.swift in Sources */,
				F3A81FFA1C4403120048237F /* OnboardingViewController.swift in Sources */,
				CEB15B981CA5F5EC002B8C66 /* FoxCharacterKit.swift in Sources */,
				F3B7F7321C4583D900C364F0 /* GoalieMovementAnimator.swift in Sources */,
				CEB15B9B1CA5FB58002B8C66 /* FoxFaceLayer.swift in Sources */,
				F383193B1C31A72D00C36ACB /* TableViewDataSource.swift in Sources */,
				F38A0F5A1C42010A0034DCE4 /* TaskPriorityStateSnapshotter.swift in Sources */,
				CEB15B9D1CA5FCA6002B8C66 /* FoxFacePathProvider.swift in Sources */,
				CE7F61FD1C6AEDE700C2C0A2 /* BizeeBeeFaceLayer.swift in Sources */,
				F383193A1C31A72D00C36ACB /* FetchedResultsDataProvider.swift in Sources */,
				F350C7161C4806E200416F14 /* CharacterView.swift in Sources */,
				F38319301C31A72D00C36ACB /* UIImage+Extensions.swift in Sources */,
				F38B55181C3854A10022453F /* GoalieKerningLabel.swift in Sources */,
				F3CEAC6E1C4063810047DD78 /* GoalieCharacterKit.swift in Sources */,
				CEBB00F41CA61CFE005BB8DB /* FaceLayerFactory.swift in Sources */,
				CEBB00F21CA61CB2005BB8DB /* ChecklistorFaceLayer.swift in Sources */,
				F383192E1C31A72D00C36ACB /* TasksDataProvider.swift in Sources */,
				CE7F61FF1C6AF2D800C2C0A2 /* CharacterFacePathProvider.swift in Sources */,
				F38B551A1C3859050022453F /* GoalieKerningButton.swift in Sources */,
				F38B551C1C3863000022453F /* TaskPriorityUpdater.swift in Sources */,
				F3CEAC6F1C4063810047DD78 /* GoalieSpeechBubbleKit.swift in Sources */,
				F3DB3E121C3306690005C607 /* EditTaskViewController.swift in Sources */,
				F38319361C31A72D00C36ACB /* UIStoryboard+Extensions.swift in Sources */,
			);
			runOnlyForDeploymentPostprocessing = 0;
		};
/* End PBXSourcesBuildPhase section */

/* Begin PBXVariantGroup section */
		F38318D41C2F343600C36ACB /* Main.storyboard */ = {
			isa = PBXVariantGroup;
			children = (
				F38318D51C2F343600C36ACB /* Base */,
			);
			name = Main.storyboard;
			path = Goalie;
			sourceTree = "<group>";
		};
		F38318D91C2F343600C36ACB /* LaunchScreen.storyboard */ = {
			isa = PBXVariantGroup;
			children = (
				F38318DA1C2F343600C36ACB /* Base */,
			);
			name = LaunchScreen.storyboard;
			path = Goalie;
			sourceTree = "<group>";
		};
/* End PBXVariantGroup section */

/* Begin XCBuildConfiguration section */
		F38318DD1C2F343600C36ACB /* Debug */ = {
			isa = XCBuildConfiguration;
			buildSettings = {
				ALWAYS_SEARCH_USER_PATHS = NO;
				CLANG_CXX_LANGUAGE_STANDARD = "gnu++0x";
				CLANG_CXX_LIBRARY = "libc++";
				CLANG_ENABLE_MODULES = YES;
				CLANG_ENABLE_OBJC_ARC = YES;
				CLANG_WARN_BOOL_CONVERSION = YES;
				CLANG_WARN_CONSTANT_CONVERSION = YES;
				CLANG_WARN_DIRECT_OBJC_ISA_USAGE = YES_ERROR;
				CLANG_WARN_EMPTY_BODY = YES;
				CLANG_WARN_ENUM_CONVERSION = YES;
				CLANG_WARN_INT_CONVERSION = YES;
				CLANG_WARN_OBJC_ROOT_CLASS = YES_ERROR;
				CLANG_WARN_UNREACHABLE_CODE = YES;
				CLANG_WARN__DUPLICATE_METHOD_MATCH = YES;
				"CODE_SIGN_IDENTITY[sdk=iphoneos*]" = "iPhone Developer";
				COPY_PHASE_STRIP = NO;
				DEBUG_INFORMATION_FORMAT = dwarf;
				ENABLE_STRICT_OBJC_MSGSEND = YES;
				ENABLE_TESTABILITY = YES;
				GCC_C_LANGUAGE_STANDARD = gnu99;
				GCC_DYNAMIC_NO_PIC = NO;
				GCC_NO_COMMON_BLOCKS = YES;
				GCC_OPTIMIZATION_LEVEL = 0;
				GCC_PREPROCESSOR_DEFINITIONS = (
					"DEBUG=1",
					"$(inherited)",
				);
				GCC_WARN_64_TO_32_BIT_CONVERSION = YES;
				GCC_WARN_ABOUT_RETURN_TYPE = YES_ERROR;
				GCC_WARN_UNDECLARED_SELECTOR = YES;
				GCC_WARN_UNINITIALIZED_AUTOS = YES_AGGRESSIVE;
				GCC_WARN_UNUSED_FUNCTION = YES;
				GCC_WARN_UNUSED_VARIABLE = YES;
				IPHONEOS_DEPLOYMENT_TARGET = 9.2;
				MTL_ENABLE_DEBUG_INFO = YES;
				ONLY_ACTIVE_ARCH = YES;
				SDKROOT = iphoneos;
				SWIFT_OPTIMIZATION_LEVEL = "-Onone";
			};
			name = Debug;
		};
		F38318DE1C2F343600C36ACB /* Release */ = {
			isa = XCBuildConfiguration;
			buildSettings = {
				ALWAYS_SEARCH_USER_PATHS = NO;
				CLANG_CXX_LANGUAGE_STANDARD = "gnu++0x";
				CLANG_CXX_LIBRARY = "libc++";
				CLANG_ENABLE_MODULES = YES;
				CLANG_ENABLE_OBJC_ARC = YES;
				CLANG_WARN_BOOL_CONVERSION = YES;
				CLANG_WARN_CONSTANT_CONVERSION = YES;
				CLANG_WARN_DIRECT_OBJC_ISA_USAGE = YES_ERROR;
				CLANG_WARN_EMPTY_BODY = YES;
				CLANG_WARN_ENUM_CONVERSION = YES;
				CLANG_WARN_INT_CONVERSION = YES;
				CLANG_WARN_OBJC_ROOT_CLASS = YES_ERROR;
				CLANG_WARN_UNREACHABLE_CODE = YES;
				CLANG_WARN__DUPLICATE_METHOD_MATCH = YES;
				"CODE_SIGN_IDENTITY[sdk=iphoneos*]" = "iPhone Developer";
				COPY_PHASE_STRIP = NO;
				DEBUG_INFORMATION_FORMAT = "dwarf-with-dsym";
				ENABLE_NS_ASSERTIONS = NO;
				ENABLE_STRICT_OBJC_MSGSEND = YES;
				GCC_C_LANGUAGE_STANDARD = gnu99;
				GCC_NO_COMMON_BLOCKS = YES;
				GCC_WARN_64_TO_32_BIT_CONVERSION = YES;
				GCC_WARN_ABOUT_RETURN_TYPE = YES_ERROR;
				GCC_WARN_UNDECLARED_SELECTOR = YES;
				GCC_WARN_UNINITIALIZED_AUTOS = YES_AGGRESSIVE;
				GCC_WARN_UNUSED_FUNCTION = YES;
				GCC_WARN_UNUSED_VARIABLE = YES;
				IPHONEOS_DEPLOYMENT_TARGET = 9.2;
				MTL_ENABLE_DEBUG_INFO = NO;
				SDKROOT = iphoneos;
				VALIDATE_PRODUCT = YES;
			};
			name = Release;
		};
		F38318E01C2F343600C36ACB /* Debug */ = {
			isa = XCBuildConfiguration;
			buildSettings = {
				ASSETCATALOG_COMPILER_APPICON_NAME = AppIcon;
				CLANG_ENABLE_MODULES = YES;
				CODE_SIGN_IDENTITY = "";
				"CODE_SIGN_IDENTITY[sdk=iphoneos*]" = "";
				FRAMEWORK_SEARCH_PATHS = (
					"$(inherited)",
					"$(PROJECT_DIR)",
					"$(PROJECT_DIR)/Frameworks",
				);
				INFOPLIST_FILE = Goalie/Info.plist;
				IPHONEOS_DEPLOYMENT_TARGET = 8.3;
				LD_RUNPATH_SEARCH_PATHS = "$(inherited) @executable_path/Frameworks";
				PRODUCT_BUNDLE_IDENTIFIER = com.incipia.Goalie;
				PRODUCT_NAME = "$(TARGET_NAME)";
				PROVISIONING_PROFILE = "efaeed18-1c88-49b2-87da-44db27e3d862";
				SWIFT_OBJC_BRIDGING_HEADER = "$(SRCROOT)/Goalie/Goalie-Bridging-Header.h";
				SWIFT_OPTIMIZATION_LEVEL = "-Onone";
				TARGETED_DEVICE_FAMILY = "1,2";
			};
			name = Debug;
		};
		F38318E11C2F343600C36ACB /* Release */ = {
			isa = XCBuildConfiguration;
			buildSettings = {
				ASSETCATALOG_COMPILER_APPICON_NAME = AppIcon;
				CLANG_ENABLE_MODULES = YES;
				CODE_SIGN_IDENTITY = "";
				"CODE_SIGN_IDENTITY[sdk=iphoneos*]" = "";
				FRAMEWORK_SEARCH_PATHS = (
					"$(inherited)",
					"$(PROJECT_DIR)",
					"$(PROJECT_DIR)/Frameworks",
				);
				INFOPLIST_FILE = Goalie/Info.plist;
				IPHONEOS_DEPLOYMENT_TARGET = 8.3;
				LD_RUNPATH_SEARCH_PATHS = "$(inherited) @executable_path/Frameworks";
				PRODUCT_BUNDLE_IDENTIFIER = com.incipia.Goalie;
				PRODUCT_NAME = "$(TARGET_NAME)";
				PROVISIONING_PROFILE = "efaeed18-1c88-49b2-87da-44db27e3d862";
				SWIFT_OBJC_BRIDGING_HEADER = "$(SRCROOT)/Goalie/Goalie-Bridging-Header.h";
				TARGETED_DEVICE_FAMILY = "1,2";
			};
			name = Release;
		};
/* End XCBuildConfiguration section */

/* Begin XCConfigurationList section */
		F38318C81C2F343600C36ACB /* Build configuration list for PBXProject "Goalie" */ = {
			isa = XCConfigurationList;
			buildConfigurations = (
				F38318DD1C2F343600C36ACB /* Debug */,
				F38318DE1C2F343600C36ACB /* Release */,
			);
			defaultConfigurationIsVisible = 0;
			defaultConfigurationName = Release;
		};
		F38318DF1C2F343600C36ACB /* Build configuration list for PBXNativeTarget "Goalie" */ = {
			isa = XCConfigurationList;
			buildConfigurations = (
				F38318E01C2F343600C36ACB /* Debug */,
				F38318E11C2F343600C36ACB /* Release */,
			);
			defaultConfigurationIsVisible = 0;
			defaultConfigurationName = Release;
		};
/* End XCConfigurationList section */

/* Begin XCVersionGroup section */
		F3FB80961C320E65008C1E07 /* Task.xcdatamodeld */ = {
			isa = XCVersionGroup;
			children = (
				F3FB80971C320E65008C1E07 /* Task.xcdatamodel */,
			);
			currentVersion = F3FB80971C320E65008C1E07 /* Task.xcdatamodel */;
			name = Task.xcdatamodeld;
			path = Goalie/Task.xcdatamodeld;
			sourceTree = "<group>";
			versionGroupType = wrapper.xcdatamodel;
		};
/* End XCVersionGroup section */
	};
	rootObject = F38318C51C2F343600C36ACB /* Project object */;
}
