// !$*UTF8*$!
{
	archiveVersion = 1;
	classes = {
	};
	objectVersion = 46;
	objects = {

/* Begin PBXBuildFile section */
		F38318D11C2F343600C36ACB /* AppDelegate.swift in Sources */ = {isa = PBXBuildFile; fileRef = F38318D01C2F343600C36ACB /* AppDelegate.swift */; };
		F38318D61C2F343600C36ACB /* Main.storyboard in Resources */ = {isa = PBXBuildFile; fileRef = F38318D41C2F343600C36ACB /* Main.storyboard */; };
		F38318D81C2F343600C36ACB /* Assets.xcassets in Resources */ = {isa = PBXBuildFile; fileRef = F38318D71C2F343600C36ACB /* Assets.xcassets */; };
		F38318DB1C2F343600C36ACB /* LaunchScreen.storyboard in Resources */ = {isa = PBXBuildFile; fileRef = F38318D91C2F343600C36ACB /* LaunchScreen.storyboard */; };
		F38318E31C2F4ED400C36ACB /* GoalsTableViewController.swift in Sources */ = {isa = PBXBuildFile; fileRef = F38318E21C2F4ED400C36ACB /* GoalsTableViewController.swift */; };
		F38318FB1C2F521000C36ACB /* IQNSArray+Sort.swift in Sources */ = {isa = PBXBuildFile; fileRef = F38318E71C2F521000C36ACB /* IQNSArray+Sort.swift */; };
		F38318FC1C2F521000C36ACB /* IQUITextFieldView+Additions.swift in Sources */ = {isa = PBXBuildFile; fileRef = F38318E81C2F521000C36ACB /* IQUITextFieldView+Additions.swift */; };
		F38318FD1C2F521000C36ACB /* IQUIView+Hierarchy.swift in Sources */ = {isa = PBXBuildFile; fileRef = F38318E91C2F521000C36ACB /* IQUIView+Hierarchy.swift */; };
		F38318FE1C2F521000C36ACB /* IQUIViewController+Additions.swift in Sources */ = {isa = PBXBuildFile; fileRef = F38318EA1C2F521000C36ACB /* IQUIViewController+Additions.swift */; };
		F38318FF1C2F521000C36ACB /* IQUIWindow+Hierarchy.swift in Sources */ = {isa = PBXBuildFile; fileRef = F38318EB1C2F521000C36ACB /* IQUIWindow+Hierarchy.swift */; };
		F38319001C2F521000C36ACB /* IQKeyboardManagerConstants.swift in Sources */ = {isa = PBXBuildFile; fileRef = F38318ED1C2F521000C36ACB /* IQKeyboardManagerConstants.swift */; };
		F38319011C2F521000C36ACB /* IQKeyboardManagerConstantsInternal.swift in Sources */ = {isa = PBXBuildFile; fileRef = F38318EE1C2F521000C36ACB /* IQKeyboardManagerConstantsInternal.swift */; };
		F38319021C2F521000C36ACB /* IQKeyboardManager.swift in Sources */ = {isa = PBXBuildFile; fileRef = F38318EF1C2F521000C36ACB /* IQKeyboardManager.swift */; };
		F38319031C2F521000C36ACB /* IQKeyboardReturnKeyHandler.swift in Sources */ = {isa = PBXBuildFile; fileRef = F38318F01C2F521000C36ACB /* IQKeyboardReturnKeyHandler.swift */; };
		F38319041C2F521000C36ACB /* IQTextView.swift in Sources */ = {isa = PBXBuildFile; fileRef = F38318F21C2F521000C36ACB /* IQTextView.swift */; };
		F38319051C2F521000C36ACB /* IQBarButtonItem.swift in Sources */ = {isa = PBXBuildFile; fileRef = F38318F41C2F521000C36ACB /* IQBarButtonItem.swift */; };
		F38319061C2F521000C36ACB /* IQTitleBarButtonItem.swift in Sources */ = {isa = PBXBuildFile; fileRef = F38318F51C2F521000C36ACB /* IQTitleBarButtonItem.swift */; };
		F38319071C2F521000C36ACB /* IQToolbar.swift in Sources */ = {isa = PBXBuildFile; fileRef = F38318F61C2F521000C36ACB /* IQToolbar.swift */; };
		F38319081C2F521000C36ACB /* IQUIView+IQKeyboardToolbar.swift in Sources */ = {isa = PBXBuildFile; fileRef = F38318F71C2F521000C36ACB /* IQUIView+IQKeyboardToolbar.swift */; };
		F38319091C2F521000C36ACB /* Info.plist in Resources */ = {isa = PBXBuildFile; fileRef = F38318F91C2F521000C36ACB /* Info.plist */; };
		F383190A1C2F521000C36ACB /* IQKeyboardManager.bundle in Resources */ = {isa = PBXBuildFile; fileRef = F38318FA1C2F521000C36ACB /* IQKeyboardManager.bundle */; };
/* End PBXBuildFile section */

/* Begin PBXFileReference section */
		F38318CD1C2F343600C36ACB /* Goalie.app */ = {isa = PBXFileReference; explicitFileType = wrapper.application; includeInIndex = 0; path = Goalie.app; sourceTree = BUILT_PRODUCTS_DIR; };
		F38318D01C2F343600C36ACB /* AppDelegate.swift */ = {isa = PBXFileReference; lastKnownFileType = sourcecode.swift; path = AppDelegate.swift; sourceTree = "<group>"; };
		F38318D51C2F343600C36ACB /* Base */ = {isa = PBXFileReference; lastKnownFileType = file.storyboard; name = Base; path = Base.lproj/Main.storyboard; sourceTree = "<group>"; };
		F38318D71C2F343600C36ACB /* Assets.xcassets */ = {isa = PBXFileReference; lastKnownFileType = folder.assetcatalog; path = Assets.xcassets; sourceTree = "<group>"; };
		F38318DA1C2F343600C36ACB /* Base */ = {isa = PBXFileReference; lastKnownFileType = file.storyboard; name = Base; path = Base.lproj/LaunchScreen.storyboard; sourceTree = "<group>"; };
		F38318DC1C2F343600C36ACB /* Info.plist */ = {isa = PBXFileReference; lastKnownFileType = text.plist.xml; path = Info.plist; sourceTree = "<group>"; };
		F38318E21C2F4ED400C36ACB /* GoalsTableViewController.swift */ = {isa = PBXFileReference; fileEncoding = 4; lastKnownFileType = sourcecode.swift; path = GoalsTableViewController.swift; sourceTree = "<group>"; };
		F38318E71C2F521000C36ACB /* IQNSArray+Sort.swift */ = {isa = PBXFileReference; fileEncoding = 4; lastKnownFileType = sourcecode.swift; path = "IQNSArray+Sort.swift"; sourceTree = "<group>"; };
		F38318E81C2F521000C36ACB /* IQUITextFieldView+Additions.swift */ = {isa = PBXFileReference; fileEncoding = 4; lastKnownFileType = sourcecode.swift; path = "IQUITextFieldView+Additions.swift"; sourceTree = "<group>"; };
		F38318E91C2F521000C36ACB /* IQUIView+Hierarchy.swift */ = {isa = PBXFileReference; fileEncoding = 4; lastKnownFileType = sourcecode.swift; path = "IQUIView+Hierarchy.swift"; sourceTree = "<group>"; };
		F38318EA1C2F521000C36ACB /* IQUIViewController+Additions.swift */ = {isa = PBXFileReference; fileEncoding = 4; lastKnownFileType = sourcecode.swift; path = "IQUIViewController+Additions.swift"; sourceTree = "<group>"; };
		F38318EB1C2F521000C36ACB /* IQUIWindow+Hierarchy.swift */ = {isa = PBXFileReference; fileEncoding = 4; lastKnownFileType = sourcecode.swift; path = "IQUIWindow+Hierarchy.swift"; sourceTree = "<group>"; };
		F38318ED1C2F521000C36ACB /* IQKeyboardManagerConstants.swift */ = {isa = PBXFileReference; fileEncoding = 4; lastKnownFileType = sourcecode.swift; path = IQKeyboardManagerConstants.swift; sourceTree = "<group>"; };
		F38318EE1C2F521000C36ACB /* IQKeyboardManagerConstantsInternal.swift */ = {isa = PBXFileReference; fileEncoding = 4; lastKnownFileType = sourcecode.swift; path = IQKeyboardManagerConstantsInternal.swift; sourceTree = "<group>"; };
		F38318EF1C2F521000C36ACB /* IQKeyboardManager.swift */ = {isa = PBXFileReference; fileEncoding = 4; lastKnownFileType = sourcecode.swift; path = IQKeyboardManager.swift; sourceTree = "<group>"; };
		F38318F01C2F521000C36ACB /* IQKeyboardReturnKeyHandler.swift */ = {isa = PBXFileReference; fileEncoding = 4; lastKnownFileType = sourcecode.swift; path = IQKeyboardReturnKeyHandler.swift; sourceTree = "<group>"; };
		F38318F21C2F521000C36ACB /* IQTextView.swift */ = {isa = PBXFileReference; fileEncoding = 4; lastKnownFileType = sourcecode.swift; path = IQTextView.swift; sourceTree = "<group>"; };
		F38318F41C2F521000C36ACB /* IQBarButtonItem.swift */ = {isa = PBXFileReference; fileEncoding = 4; lastKnownFileType = sourcecode.swift; path = IQBarButtonItem.swift; sourceTree = "<group>"; };
		F38318F51C2F521000C36ACB /* IQTitleBarButtonItem.swift */ = {isa = PBXFileReference; fileEncoding = 4; lastKnownFileType = sourcecode.swift; path = IQTitleBarButtonItem.swift; sourceTree = "<group>"; };
		F38318F61C2F521000C36ACB /* IQToolbar.swift */ = {isa = PBXFileReference; fileEncoding = 4; lastKnownFileType = sourcecode.swift; path = IQToolbar.swift; sourceTree = "<group>"; };
		F38318F71C2F521000C36ACB /* IQUIView+IQKeyboardToolbar.swift */ = {isa = PBXFileReference; fileEncoding = 4; lastKnownFileType = sourcecode.swift; path = "IQUIView+IQKeyboardToolbar.swift"; sourceTree = "<group>"; };
		F38318F91C2F521000C36ACB /* Info.plist */ = {isa = PBXFileReference; fileEncoding = 4; lastKnownFileType = text.plist.xml; path = Info.plist; sourceTree = "<group>"; };
		F38318FA1C2F521000C36ACB /* IQKeyboardManager.bundle */ = {isa = PBXFileReference; lastKnownFileType = "wrapper.plug-in"; path = IQKeyboardManager.bundle; sourceTree = "<group>"; };
/* End PBXFileReference section */

/* Begin PBXFrameworksBuildPhase section */
		F38318CA1C2F343600C36ACB /* Frameworks */ = {
			isa = PBXFrameworksBuildPhase;
			buildActionMask = 2147483647;
			files = (
			);
			runOnlyForDeploymentPostprocessing = 0;
		};
/* End PBXFrameworksBuildPhase section */

/* Begin PBXGroup section */
		F38318C41C2F343600C36ACB = {
			isa = PBXGroup;
			children = (
				F38318E41C2F520600C36ACB /* External Frameworks */,
				F38318CF1C2F343600C36ACB /* Goalie */,
				F38318CE1C2F343600C36ACB /* Products */,
			);
			sourceTree = "<group>";
		};
		F38318CE1C2F343600C36ACB /* Products */ = {
			isa = PBXGroup;
			children = (
				F38318CD1C2F343600C36ACB /* Goalie.app */,
			);
			name = Products;
			sourceTree = "<group>";
		};
		F38318CF1C2F343600C36ACB /* Goalie */ = {
			isa = PBXGroup;
			children = (
				F38318E21C2F4ED400C36ACB /* GoalsTableViewController.swift */,
				F38318D01C2F343600C36ACB /* AppDelegate.swift */,
				F38318D41C2F343600C36ACB /* Main.storyboard */,
				F38318D71C2F343600C36ACB /* Assets.xcassets */,
				F38318D91C2F343600C36ACB /* LaunchScreen.storyboard */,
				F38318DC1C2F343600C36ACB /* Info.plist */,
			);
			path = Goalie;
			sourceTree = "<group>";
		};
		F38318E41C2F520600C36ACB /* External Frameworks */ = {
			isa = PBXGroup;
			children = (
				F38318E51C2F521000C36ACB /* IQKeyboardManagerSwift */,
			);
			name = "External Frameworks";
			sourceTree = "<group>";
		};
		F38318E51C2F521000C36ACB /* IQKeyboardManagerSwift */ = {
			isa = PBXGroup;
			children = (
				F38318E61C2F521000C36ACB /* Categories */,
				F38318EC1C2F521000C36ACB /* Constants */,
				F38318EF1C2F521000C36ACB /* IQKeyboardManager.swift */,
				F38318F01C2F521000C36ACB /* IQKeyboardReturnKeyHandler.swift */,
				F38318F11C2F521000C36ACB /* IQTextView */,
				F38318F31C2F521000C36ACB /* IQToolbar */,
				F38318F81C2F521000C36ACB /* Resources */,
			);
			path = IQKeyboardManagerSwift;
			sourceTree = "<group>";
		};
		F38318E61C2F521000C36ACB /* Categories */ = {
			isa = PBXGroup;
			children = (
				F38318E71C2F521000C36ACB /* IQNSArray+Sort.swift */,
				F38318E81C2F521000C36ACB /* IQUITextFieldView+Additions.swift */,
				F38318E91C2F521000C36ACB /* IQUIView+Hierarchy.swift */,
				F38318EA1C2F521000C36ACB /* IQUIViewController+Additions.swift */,
				F38318EB1C2F521000C36ACB /* IQUIWindow+Hierarchy.swift */,
			);
			path = Categories;
			sourceTree = "<group>";
		};
		F38318EC1C2F521000C36ACB /* Constants */ = {
			isa = PBXGroup;
			children = (
				F38318ED1C2F521000C36ACB /* IQKeyboardManagerConstants.swift */,
				F38318EE1C2F521000C36ACB /* IQKeyboardManagerConstantsInternal.swift */,
			);
			path = Constants;
			sourceTree = "<group>";
		};
		F38318F11C2F521000C36ACB /* IQTextView */ = {
			isa = PBXGroup;
			children = (
				F38318F21C2F521000C36ACB /* IQTextView.swift */,
			);
			path = IQTextView;
			sourceTree = "<group>";
		};
		F38318F31C2F521000C36ACB /* IQToolbar */ = {
			isa = PBXGroup;
			children = (
				F38318F41C2F521000C36ACB /* IQBarButtonItem.swift */,
				F38318F51C2F521000C36ACB /* IQTitleBarButtonItem.swift */,
				F38318F61C2F521000C36ACB /* IQToolbar.swift */,
				F38318F71C2F521000C36ACB /* IQUIView+IQKeyboardToolbar.swift */,
			);
			path = IQToolbar;
			sourceTree = "<group>";
		};
		F38318F81C2F521000C36ACB /* Resources */ = {
			isa = PBXGroup;
			children = (
				F38318F91C2F521000C36ACB /* Info.plist */,
				F38318FA1C2F521000C36ACB /* IQKeyboardManager.bundle */,
			);
			path = Resources;
			sourceTree = "<group>";
		};
/* End PBXGroup section */

/* Begin PBXNativeTarget section */
		F38318CC1C2F343600C36ACB /* Goalie */ = {
			isa = PBXNativeTarget;
			buildConfigurationList = F38318DF1C2F343600C36ACB /* Build configuration list for PBXNativeTarget "Goalie" */;
			buildPhases = (
				F38318C91C2F343600C36ACB /* Sources */,
				F38318CA1C2F343600C36ACB /* Frameworks */,
				F38318CB1C2F343600C36ACB /* Resources */,
			);
			buildRules = (
			);
			dependencies = (
			);
			name = Goalie;
			productName = Goalie;
			productReference = F38318CD1C2F343600C36ACB /* Goalie.app */;
			productType = "com.apple.product-type.application";
		};
/* End PBXNativeTarget section */

/* Begin PBXProject section */
		F38318C51C2F343600C36ACB /* Project object */ = {
			isa = PBXProject;
			attributes = {
				LastSwiftUpdateCheck = 0720;
				LastUpgradeCheck = 0720;
				ORGANIZATIONNAME = Incipia;
				TargetAttributes = {
					F38318CC1C2F343600C36ACB = {
						CreatedOnToolsVersion = 7.2;
					};
				};
			};
			buildConfigurationList = F38318C81C2F343600C36ACB /* Build configuration list for PBXProject "Goalie" */;
			compatibilityVersion = "Xcode 3.2";
			developmentRegion = English;
			hasScannedForEncodings = 0;
			knownRegions = (
				en,
				Base,
			);
			mainGroup = F38318C41C2F343600C36ACB;
			productRefGroup = F38318CE1C2F343600C36ACB /* Products */;
			projectDirPath = "";
			projectRoot = "";
			targets = (
				F38318CC1C2F343600C36ACB /* Goalie */,
			);
		};
/* End PBXProject section */

/* Begin PBXResourcesBuildPhase section */
		F38318CB1C2F343600C36ACB /* Resources */ = {
			isa = PBXResourcesBuildPhase;
			buildActionMask = 2147483647;
			files = (
				F383190A1C2F521000C36ACB /* IQKeyboardManager.bundle in Resources */,
				F38319091C2F521000C36ACB /* Info.plist in Resources */,
				F38318DB1C2F343600C36ACB /* LaunchScreen.storyboard in Resources */,
				F38318D81C2F343600C36ACB /* Assets.xcassets in Resources */,
				F38318D61C2F343600C36ACB /* Main.storyboard in Resources */,
			);
			runOnlyForDeploymentPostprocessing = 0;
		};
/* End PBXResourcesBuildPhase section */

/* Begin PBXSourcesBuildPhase section */
		F38318C91C2F343600C36ACB /* Sources */ = {
			isa = PBXSourcesBuildPhase;
			buildActionMask = 2147483647;
			files = (
				F38318FE1C2F521000C36ACB /* IQUIViewController+Additions.swift in Sources */,
				F38318E31C2F4ED400C36ACB /* GoalsTableViewController.swift in Sources */,
				F38319031C2F521000C36ACB /* IQKeyboardReturnKeyHandler.swift in Sources */,
				F38319011C2F521000C36ACB /* IQKeyboardManagerConstantsInternal.swift in Sources */,
				F38318D11C2F343600C36ACB /* AppDelegate.swift in Sources */,
				F38319041C2F521000C36ACB /* IQTextView.swift in Sources */,
				F38318FC1C2F521000C36ACB /* IQUITextFieldView+Additions.swift in Sources */,
				F38319001C2F521000C36ACB /* IQKeyboardManagerConstants.swift in Sources */,
				F38319071C2F521000C36ACB /* IQToolbar.swift in Sources */,
				F38319021C2F521000C36ACB /* IQKeyboardManager.swift in Sources */,
				F38319051C2F521000C36ACB /* IQBarButtonItem.swift in Sources */,
				F38318FD1C2F521000C36ACB /* IQUIView+Hierarchy.swift in Sources */,
				F38318FB1C2F521000C36ACB /* IQNSArray+Sort.swift in Sources */,
				F38318FF1C2F521000C36ACB /* IQUIWindow+Hierarchy.swift in Sources */,
				F38319081C2F521000C36ACB /* IQUIView+IQKeyboardToolbar.swift in Sources */,
				F38319061C2F521000C36ACB /* IQTitleBarButtonItem.swift in Sources */,
			);
			runOnlyForDeploymentPostprocessing = 0;
		};
/* End PBXSourcesBuildPhase section */

/* Begin PBXVariantGroup section */
		F38318D41C2F343600C36ACB /* Main.storyboard */ = {
			isa = PBXVariantGroup;
			children = (
				F38318D51C2F343600C36ACB /* Base */,
			);
			name = Main.storyboard;
			sourceTree = "<group>";
		};
		F38318D91C2F343600C36ACB /* LaunchScreen.storyboard */ = {
			isa = PBXVariantGroup;
			children = (
				F38318DA1C2F343600C36ACB /* Base */,
			);
			name = LaunchScreen.storyboard;
			sourceTree = "<group>";
		};
/* End PBXVariantGroup section */

/* Begin XCBuildConfiguration section */
		F38318DD1C2F343600C36ACB /* Debug */ = {
			isa = XCBuildConfiguration;
			buildSettings = {
				ALWAYS_SEARCH_USER_PATHS = NO;
				CLANG_CXX_LANGUAGE_STANDARD = "gnu++0x";
				CLANG_CXX_LIBRARY = "libc++";
				CLANG_ENABLE_MODULES = YES;
				CLANG_ENABLE_OBJC_ARC = YES;
				CLANG_WARN_BOOL_CONVERSION = YES;
				CLANG_WARN_CONSTANT_CONVERSION = YES;
				CLANG_WARN_DIRECT_OBJC_ISA_USAGE = YES_ERROR;
				CLANG_WARN_EMPTY_BODY = YES;
				CLANG_WARN_ENUM_CONVERSION = YES;
				CLANG_WARN_INT_CONVERSION = YES;
				CLANG_WARN_OBJC_ROOT_CLASS = YES_ERROR;
				CLANG_WARN_UNREACHABLE_CODE = YES;
				CLANG_WARN__DUPLICATE_METHOD_MATCH = YES;
				"CODE_SIGN_IDENTITY[sdk=iphoneos*]" = "iPhone Developer";
				COPY_PHASE_STRIP = NO;
				DEBUG_INFORMATION_FORMAT = dwarf;
				ENABLE_STRICT_OBJC_MSGSEND = YES;
				ENABLE_TESTABILITY = YES;
				GCC_C_LANGUAGE_STANDARD = gnu99;
				GCC_DYNAMIC_NO_PIC = NO;
				GCC_NO_COMMON_BLOCKS = YES;
				GCC_OPTIMIZATION_LEVEL = 0;
				GCC_PREPROCESSOR_DEFINITIONS = (
					"DEBUG=1",
					"$(inherited)",
				);
				GCC_WARN_64_TO_32_BIT_CONVERSION = YES;
				GCC_WARN_ABOUT_RETURN_TYPE = YES_ERROR;
				GCC_WARN_UNDECLARED_SELECTOR = YES;
				GCC_WARN_UNINITIALIZED_AUTOS = YES_AGGRESSIVE;
				GCC_WARN_UNUSED_FUNCTION = YES;
				GCC_WARN_UNUSED_VARIABLE = YES;
				IPHONEOS_DEPLOYMENT_TARGET = 9.2;
				MTL_ENABLE_DEBUG_INFO = YES;
				ONLY_ACTIVE_ARCH = YES;
				SDKROOT = iphoneos;
				SWIFT_OPTIMIZATION_LEVEL = "-Onone";
			};
			name = Debug;
		};
		F38318DE1C2F343600C36ACB /* Release */ = {
			isa = XCBuildConfiguration;
			buildSettings = {
				ALWAYS_SEARCH_USER_PATHS = NO;
				CLANG_CXX_LANGUAGE_STANDARD = "gnu++0x";
				CLANG_CXX_LIBRARY = "libc++";
				CLANG_ENABLE_MODULES = YES;
				CLANG_ENABLE_OBJC_ARC = YES;
				CLANG_WARN_BOOL_CONVERSION = YES;
				CLANG_WARN_CONSTANT_CONVERSION = YES;
				CLANG_WARN_DIRECT_OBJC_ISA_USAGE = YES_ERROR;
				CLANG_WARN_EMPTY_BODY = YES;
				CLANG_WARN_ENUM_CONVERSION = YES;
				CLANG_WARN_INT_CONVERSION = YES;
				CLANG_WARN_OBJC_ROOT_CLASS = YES_ERROR;
				CLANG_WARN_UNREACHABLE_CODE = YES;
				CLANG_WARN__DUPLICATE_METHOD_MATCH = YES;
				"CODE_SIGN_IDENTITY[sdk=iphoneos*]" = "iPhone Developer";
				COPY_PHASE_STRIP = NO;
				DEBUG_INFORMATION_FORMAT = "dwarf-with-dsym";
				ENABLE_NS_ASSERTIONS = NO;
				ENABLE_STRICT_OBJC_MSGSEND = YES;
				GCC_C_LANGUAGE_STANDARD = gnu99;
				GCC_NO_COMMON_BLOCKS = YES;
				GCC_WARN_64_TO_32_BIT_CONVERSION = YES;
				GCC_WARN_ABOUT_RETURN_TYPE = YES_ERROR;
				GCC_WARN_UNDECLARED_SELECTOR = YES;
				GCC_WARN_UNINITIALIZED_AUTOS = YES_AGGRESSIVE;
				GCC_WARN_UNUSED_FUNCTION = YES;
				GCC_WARN_UNUSED_VARIABLE = YES;
				IPHONEOS_DEPLOYMENT_TARGET = 9.2;
				MTL_ENABLE_DEBUG_INFO = NO;
				SDKROOT = iphoneos;
				VALIDATE_PRODUCT = YES;
			};
			name = Release;
		};
		F38318E01C2F343600C36ACB /* Debug */ = {
			isa = XCBuildConfiguration;
			buildSettings = {
				ASSETCATALOG_COMPILER_APPICON_NAME = AppIcon;
				INFOPLIST_FILE = Goalie/Info.plist;
				LD_RUNPATH_SEARCH_PATHS = "$(inherited) @executable_path/Frameworks";
				PRODUCT_BUNDLE_IDENTIFIER = com.incipia.Goalie;
				PRODUCT_NAME = "$(TARGET_NAME)";
			};
			name = Debug;
		};
		F38318E11C2F343600C36ACB /* Release */ = {
			isa = XCBuildConfiguration;
			buildSettings = {
				ASSETCATALOG_COMPILER_APPICON_NAME = AppIcon;
				INFOPLIST_FILE = Goalie/Info.plist;
				LD_RUNPATH_SEARCH_PATHS = "$(inherited) @executable_path/Frameworks";
				PRODUCT_BUNDLE_IDENTIFIER = com.incipia.Goalie;
				PRODUCT_NAME = "$(TARGET_NAME)";
			};
			name = Release;
		};
/* End XCBuildConfiguration section */

/* Begin XCConfigurationList section */
		F38318C81C2F343600C36ACB /* Build configuration list for PBXProject "Goalie" */ = {
			isa = XCConfigurationList;
			buildConfigurations = (
				F38318DD1C2F343600C36ACB /* Debug */,
				F38318DE1C2F343600C36ACB /* Release */,
			);
			defaultConfigurationIsVisible = 0;
			defaultConfigurationName = Release;
		};
		F38318DF1C2F343600C36ACB /* Build configuration list for PBXNativeTarget "Goalie" */ = {
			isa = XCConfigurationList;
			buildConfigurations = (
				F38318E01C2F343600C36ACB /* Debug */,
				F38318E11C2F343600C36ACB /* Release */,
			);
			defaultConfigurationIsVisible = 0;
		};
/* End XCConfigurationList section */
	};
	rootObject = F38318C51C2F343600C36ACB /* Project object */;
}
